// !$*UTF8*$!
{
	archiveVersion = 1;
	classes = {
	};
	objectVersion = 46;
	objects = {

/* Begin PBXBuildFile section */
		2B69E83717D92DF70077AB87 /* NSArrayExt.m in Sources */ = {isa = PBXBuildFile; fileRef = 2B69E82817D92DF70077AB87 /* NSArrayExt.m */; };
		2B69E83817D92DF70077AB87 /* NSDateExt.m in Sources */ = {isa = PBXBuildFile; fileRef = 2B69E82A17D92DF70077AB87 /* NSDateExt.m */; };
		2B69E83917D92DF70077AB87 /* NSDictionaryExt.m in Sources */ = {isa = PBXBuildFile; fileRef = 2B69E82C17D92DF70077AB87 /* NSDictionaryExt.m */; };
		2B69E83A17D92DF70077AB87 /* NSStringExt.m in Sources */ = {isa = PBXBuildFile; fileRef = 2B69E82E17D92DF70077AB87 /* NSStringExt.m */; };
		2B69E83B17D92DF70077AB87 /* UnitTestUI.m in Sources */ = {isa = PBXBuildFile; fileRef = 2B69E83117D92DF70077AB87 /* UnitTestUI.m */; };
		2B69E83C17D92DF70077AB87 /* Logger.m in Sources */ = {isa = PBXBuildFile; fileRef = 2B69E83417D92DF70077AB87 /* Logger.m */; };
		2B69E83D17D92DF70077AB87 /* UnitTest.m in Sources */ = {isa = PBXBuildFile; fileRef = 2B69E83617D92DF70077AB87 /* UnitTest.m */; };
		2B69E87417D930950077AB87 /* NSObjectExt.m in Sources */ = {isa = PBXBuildFile; fileRef = 2B69E87317D930950077AB87 /* NSObjectExt.m */; };
		2B69E87717D931220077AB87 /* NSClassExt.m in Sources */ = {isa = PBXBuildFile; fileRef = 2B69E87617D931220077AB87 /* NSClassExt.m */; };
		2B69E87A17D9360F0077AB87 /* TestObject.m in Sources */ = {isa = PBXBuildFile; fileRef = 2B69E87917D9360F0077AB87 /* TestObject.m */; };
		2B9CF4E517D7A24C00B0AFE3 /* UIKit.framework in Frameworks */ = {isa = PBXBuildFile; fileRef = 2B9CF4E417D7A24C00B0AFE3 /* UIKit.framework */; };
		2B9CF4E717D7A24C00B0AFE3 /* Foundation.framework in Frameworks */ = {isa = PBXBuildFile; fileRef = 2B9CF4E617D7A24C00B0AFE3 /* Foundation.framework */; };
		2B9CF4E917D7A24C00B0AFE3 /* CoreGraphics.framework in Frameworks */ = {isa = PBXBuildFile; fileRef = 2B9CF4E817D7A24C00B0AFE3 /* CoreGraphics.framework */; };
		2B9CF4EF17D7A24C00B0AFE3 /* InfoPlist.strings in Resources */ = {isa = PBXBuildFile; fileRef = 2B9CF4ED17D7A24C00B0AFE3 /* InfoPlist.strings */; };
		2B9CF4F117D7A24C00B0AFE3 /* main.m in Sources */ = {isa = PBXBuildFile; fileRef = 2B9CF4F017D7A24C00B0AFE3 /* main.m */; };
		2B9CF4F517D7A24C00B0AFE3 /* AppDelegate.m in Sources */ = {isa = PBXBuildFile; fileRef = 2B9CF4F417D7A24C00B0AFE3 /* AppDelegate.m */; };
		2B9CF4F717D7A24C00B0AFE3 /* Default.png in Resources */ = {isa = PBXBuildFile; fileRef = 2B9CF4F617D7A24C00B0AFE3 /* Default.png */; };
		2B9CF4F917D7A24C00B0AFE3 /* Default@2x.png in Resources */ = {isa = PBXBuildFile; fileRef = 2B9CF4F817D7A24C00B0AFE3 /* Default@2x.png */; };
		2B9CF4FB17D7A24C00B0AFE3 /* Default-568h@2x.png in Resources */ = {isa = PBXBuildFile; fileRef = 2B9CF4FA17D7A24C00B0AFE3 /* Default-568h@2x.png */; };
		2B9CF4FE17D7A24C00B0AFE3 /* ViewController.m in Sources */ = {isa = PBXBuildFile; fileRef = 2B9CF4FD17D7A24C00B0AFE3 /* ViewController.m */; };
		2B9CF50117D7A24D00B0AFE3 /* ViewController_iPhone.xib in Resources */ = {isa = PBXBuildFile; fileRef = 2B9CF4FF17D7A24D00B0AFE3 /* ViewController_iPhone.xib */; };
		2B9CF50417D7A24D00B0AFE3 /* ViewController_iPad.xib in Resources */ = {isa = PBXBuildFile; fileRef = 2B9CF50217D7A24D00B0AFE3 /* ViewController_iPad.xib */; };
		2BA819BB17D83CCD002F5999 /* TestString.m in Sources */ = {isa = PBXBuildFile; fileRef = 2BA819BA17D83CCD002F5999 /* TestString.m */; };
		2BA819C117D85069002F5999 /* TestNumber.m in Sources */ = {isa = PBXBuildFile; fileRef = 2BA819C017D85069002F5999 /* TestNumber.m */; };
		2BA819C417D855E6002F5999 /* TestDictionary.m in Sources */ = {isa = PBXBuildFile; fileRef = 2BA819C317D855E6002F5999 /* TestDictionary.m */; };
		2BA819CA17D86133002F5999 /* TestArray.m in Sources */ = {isa = PBXBuildFile; fileRef = 2BA819C917D86133002F5999 /* TestArray.m */; };
		2BA819D317D866ED002F5999 /* TestDate.m in Sources */ = {isa = PBXBuildFile; fileRef = 2BA819D217D866ED002F5999 /* TestDate.m */; };
		2BD6FBE517D96D02005476A6 /* NSNumberExt.m in Sources */ = {isa = PBXBuildFile; fileRef = 2BD6FBE417D96D02005476A6 /* NSNumberExt.m */; };
/* End PBXBuildFile section */

/* Begin PBXFileReference section */
		2B51B5D617D8C80A00C4A52D /* README.md */ = {isa = PBXFileReference; fileEncoding = 4; lastKnownFileType = text; name = README.md; path = ../README.md; sourceTree = "<group>"; };
		2B69E82517D92DF70077AB87 /* arccat.h */ = {isa = PBXFileReference; fileEncoding = 4; lastKnownFileType = sourcecode.c.h; path = arccat.h; sourceTree = "<group>"; };
		2B69E82717D92DF70077AB87 /* NSArrayExt.h */ = {isa = PBXFileReference; fileEncoding = 4; lastKnownFileType = sourcecode.c.h; path = NSArrayExt.h; sourceTree = "<group>"; };
		2B69E82817D92DF70077AB87 /* NSArrayExt.m */ = {isa = PBXFileReference; fileEncoding = 4; lastKnownFileType = sourcecode.c.objc; path = NSArrayExt.m; sourceTree = "<group>"; };
		2B69E82917D92DF70077AB87 /* NSDateExt.h */ = {isa = PBXFileReference; fileEncoding = 4; lastKnownFileType = sourcecode.c.h; path = NSDateExt.h; sourceTree = "<group>"; };
		2B69E82A17D92DF70077AB87 /* NSDateExt.m */ = {isa = PBXFileReference; fileEncoding = 4; lastKnownFileType = sourcecode.c.objc; path = NSDateExt.m; sourceTree = "<group>"; };
		2B69E82B17D92DF70077AB87 /* NSDictionaryExt.h */ = {isa = PBXFileReference; fileEncoding = 4; lastKnownFileType = sourcecode.c.h; path = NSDictionaryExt.h; sourceTree = "<group>"; };
		2B69E82C17D92DF70077AB87 /* NSDictionaryExt.m */ = {isa = PBXFileReference; fileEncoding = 4; lastKnownFileType = sourcecode.c.objc; path = NSDictionaryExt.m; sourceTree = "<group>"; };
		2B69E82D17D92DF70077AB87 /* NSStringExt.h */ = {isa = PBXFileReference; fileEncoding = 4; lastKnownFileType = sourcecode.c.h; path = NSStringExt.h; sourceTree = "<group>"; };
		2B69E82E17D92DF70077AB87 /* NSStringExt.m */ = {isa = PBXFileReference; fileEncoding = 4; lastKnownFileType = sourcecode.c.objc; path = NSStringExt.m; sourceTree = "<group>"; };
		2B69E83017D92DF70077AB87 /* UnitTestUI.h */ = {isa = PBXFileReference; fileEncoding = 4; lastKnownFileType = sourcecode.c.h; path = UnitTestUI.h; sourceTree = "<group>"; };
		2B69E83117D92DF70077AB87 /* UnitTestUI.m */ = {isa = PBXFileReference; fileEncoding = 4; lastKnownFileType = sourcecode.c.objc; path = UnitTestUI.m; sourceTree = "<group>"; };
		2B69E83317D92DF70077AB87 /* Logger.h */ = {isa = PBXFileReference; fileEncoding = 4; lastKnownFileType = sourcecode.c.h; path = Logger.h; sourceTree = "<group>"; };
		2B69E83417D92DF70077AB87 /* Logger.m */ = {isa = PBXFileReference; fileEncoding = 4; lastKnownFileType = sourcecode.c.objc; path = Logger.m; sourceTree = "<group>"; };
		2B69E83517D92DF70077AB87 /* UnitTest.h */ = {isa = PBXFileReference; fileEncoding = 4; lastKnownFileType = sourcecode.c.h; path = UnitTest.h; sourceTree = "<group>"; };
		2B69E83617D92DF70077AB87 /* UnitTest.m */ = {isa = PBXFileReference; fileEncoding = 4; lastKnownFileType = sourcecode.c.objc; path = UnitTest.m; sourceTree = "<group>"; };
		2B69E87217D930950077AB87 /* NSObjectExt.h */ = {isa = PBXFileReference; fileEncoding = 4; lastKnownFileType = sourcecode.c.h; path = NSObjectExt.h; sourceTree = "<group>"; };
		2B69E87317D930950077AB87 /* NSObjectExt.m */ = {isa = PBXFileReference; fileEncoding = 4; lastKnownFileType = sourcecode.c.objc; path = NSObjectExt.m; sourceTree = "<group>"; };
		2B69E87517D931220077AB87 /* NSClassExt.h */ = {isa = PBXFileReference; fileEncoding = 4; lastKnownFileType = sourcecode.c.h; path = NSClassExt.h; sourceTree = "<group>"; };
		2B69E87617D931220077AB87 /* NSClassExt.m */ = {isa = PBXFileReference; fileEncoding = 4; lastKnownFileType = sourcecode.c.objc; path = NSClassExt.m; sourceTree = "<group>"; };
		2B69E87917D9360F0077AB87 /* TestObject.m */ = {isa = PBXFileReference; fileEncoding = 4; lastKnownFileType = sourcecode.c.objc; path = TestObject.m; sourceTree = "<group>"; };
		2B9CF4E117D7A24C00B0AFE3 /* TestApp.app */ = {isa = PBXFileReference; explicitFileType = wrapper.application; includeInIndex = 0; path = TestApp.app; sourceTree = BUILT_PRODUCTS_DIR; };
		2B9CF4E417D7A24C00B0AFE3 /* UIKit.framework */ = {isa = PBXFileReference; lastKnownFileType = wrapper.framework; name = UIKit.framework; path = System/Library/Frameworks/UIKit.framework; sourceTree = SDKROOT; };
		2B9CF4E617D7A24C00B0AFE3 /* Foundation.framework */ = {isa = PBXFileReference; lastKnownFileType = wrapper.framework; name = Foundation.framework; path = System/Library/Frameworks/Foundation.framework; sourceTree = SDKROOT; };
		2B9CF4E817D7A24C00B0AFE3 /* CoreGraphics.framework */ = {isa = PBXFileReference; lastKnownFileType = wrapper.framework; name = CoreGraphics.framework; path = System/Library/Frameworks/CoreGraphics.framework; sourceTree = SDKROOT; };
		2B9CF4EC17D7A24C00B0AFE3 /* TestApp-Info.plist */ = {isa = PBXFileReference; lastKnownFileType = text.plist.xml; path = "TestApp-Info.plist"; sourceTree = "<group>"; };
		2B9CF4EE17D7A24C00B0AFE3 /* en */ = {isa = PBXFileReference; lastKnownFileType = text.plist.strings; name = en; path = en.lproj/InfoPlist.strings; sourceTree = "<group>"; };
		2B9CF4F017D7A24C00B0AFE3 /* main.m */ = {isa = PBXFileReference; lastKnownFileType = sourcecode.c.objc; path = main.m; sourceTree = "<group>"; };
		2B9CF4F217D7A24C00B0AFE3 /* TestApp-Prefix.pch */ = {isa = PBXFileReference; lastKnownFileType = sourcecode.c.h; path = "TestApp-Prefix.pch"; sourceTree = "<group>"; };
		2B9CF4F317D7A24C00B0AFE3 /* AppDelegate.h */ = {isa = PBXFileReference; lastKnownFileType = sourcecode.c.h; path = AppDelegate.h; sourceTree = "<group>"; };
		2B9CF4F417D7A24C00B0AFE3 /* AppDelegate.m */ = {isa = PBXFileReference; lastKnownFileType = sourcecode.c.objc; path = AppDelegate.m; sourceTree = "<group>"; };
		2B9CF4F617D7A24C00B0AFE3 /* Default.png */ = {isa = PBXFileReference; lastKnownFileType = image.png; path = Default.png; sourceTree = "<group>"; };
		2B9CF4F817D7A24C00B0AFE3 /* Default@2x.png */ = {isa = PBXFileReference; lastKnownFileType = image.png; path = "Default@2x.png"; sourceTree = "<group>"; };
		2B9CF4FA17D7A24C00B0AFE3 /* Default-568h@2x.png */ = {isa = PBXFileReference; lastKnownFileType = image.png; path = "Default-568h@2x.png"; sourceTree = "<group>"; };
		2B9CF4FC17D7A24C00B0AFE3 /* ViewController.h */ = {isa = PBXFileReference; lastKnownFileType = sourcecode.c.h; path = ViewController.h; sourceTree = "<group>"; };
		2B9CF4FD17D7A24C00B0AFE3 /* ViewController.m */ = {isa = PBXFileReference; lastKnownFileType = sourcecode.c.objc; path = ViewController.m; sourceTree = "<group>"; };
		2B9CF50017D7A24D00B0AFE3 /* en */ = {isa = PBXFileReference; lastKnownFileType = file.xib; name = en; path = en.lproj/ViewController_iPhone.xib; sourceTree = "<group>"; };
		2B9CF50317D7A24D00B0AFE3 /* en */ = {isa = PBXFileReference; lastKnownFileType = file.xib; name = en; path = en.lproj/ViewController_iPad.xib; sourceTree = "<group>"; };
		2BA819BA17D83CCD002F5999 /* TestString.m */ = {isa = PBXFileReference; fileEncoding = 4; lastKnownFileType = sourcecode.c.objc; path = TestString.m; sourceTree = "<group>"; };
		2BA819C017D85069002F5999 /* TestNumber.m */ = {isa = PBXFileReference; fileEncoding = 4; lastKnownFileType = sourcecode.c.objc; path = TestNumber.m; sourceTree = "<group>"; };
		2BA819C317D855E6002F5999 /* TestDictionary.m */ = {isa = PBXFileReference; fileEncoding = 4; lastKnownFileType = sourcecode.c.objc; path = TestDictionary.m; sourceTree = "<group>"; };
		2BA819C917D86133002F5999 /* TestArray.m */ = {isa = PBXFileReference; fileEncoding = 4; lastKnownFileType = sourcecode.c.objc; path = TestArray.m; sourceTree = "<group>"; };
		2BA819D217D866ED002F5999 /* TestDate.m */ = {isa = PBXFileReference; fileEncoding = 4; lastKnownFileType = sourcecode.c.objc; path = TestDate.m; sourceTree = "<group>"; };
		2BD6FBE317D96D02005476A6 /* NSNumberExt.h */ = {isa = PBXFileReference; fileEncoding = 4; lastKnownFileType = sourcecode.c.h; path = NSNumberExt.h; sourceTree = "<group>"; };
		2BD6FBE417D96D02005476A6 /* NSNumberExt.m */ = {isa = PBXFileReference; fileEncoding = 4; lastKnownFileType = sourcecode.c.objc; path = NSNumberExt.m; sourceTree = "<group>"; };
/* End PBXFileReference section */

/* Begin PBXFrameworksBuildPhase section */
		2B9CF4DE17D7A24C00B0AFE3 /* Frameworks */ = {
			isa = PBXFrameworksBuildPhase;
			buildActionMask = 2147483647;
			files = (
				2B9CF4E517D7A24C00B0AFE3 /* UIKit.framework in Frameworks */,
				2B9CF4E717D7A24C00B0AFE3 /* Foundation.framework in Frameworks */,
				2B9CF4E917D7A24C00B0AFE3 /* CoreGraphics.framework in Frameworks */,
			);
			runOnlyForDeploymentPostprocessing = 0;
		};
/* End PBXFrameworksBuildPhase section */

/* Begin PBXGroup section */
		2B69E82417D92DF70077AB87 /* arccat */ = {
			isa = PBXGroup;
			children = (
				2B69E82517D92DF70077AB87 /* arccat.h */,
				2B69E82617D92DF70077AB87 /* Ext */,
				2B69E82F17D92DF70077AB87 /* UI */,
				2B69E83217D92DF70077AB87 /* UnitTest */,
			);
			name = arccat;
			path = ../arccat;
			sourceTree = "<group>";
		};
		2B69E82617D92DF70077AB87 /* Ext */ = {
			isa = PBXGroup;
			children = (
				2B69E82717D92DF70077AB87 /* NSArrayExt.h */,
				2B69E82817D92DF70077AB87 /* NSArrayExt.m */,
				2B69E82917D92DF70077AB87 /* NSDateExt.h */,
				2B69E82A17D92DF70077AB87 /* NSDateExt.m */,
				2B69E82B17D92DF70077AB87 /* NSDictionaryExt.h */,
				2B69E82C17D92DF70077AB87 /* NSDictionaryExt.m */,
				2B69E82D17D92DF70077AB87 /* NSStringExt.h */,
				2B69E82E17D92DF70077AB87 /* NSStringExt.m */,
				2B69E87217D930950077AB87 /* NSObjectExt.h */,
				2B69E87317D930950077AB87 /* NSObjectExt.m */,
				2B69E87517D931220077AB87 /* NSClassExt.h */,
				2B69E87617D931220077AB87 /* NSClassExt.m */,
				2BD6FBE317D96D02005476A6 /* NSNumberExt.h */,
				2BD6FBE417D96D02005476A6 /* NSNumberExt.m */,
			);
			path = Ext;
			sourceTree = "<group>";
		};
		2B69E82F17D92DF70077AB87 /* UI */ = {
			isa = PBXGroup;
			children = (
				2B69E83017D92DF70077AB87 /* UnitTestUI.h */,
				2B69E83117D92DF70077AB87 /* UnitTestUI.m */,
			);
			path = UI;
			sourceTree = "<group>";
		};
		2B69E83217D92DF70077AB87 /* UnitTest */ = {
			isa = PBXGroup;
			children = (
				2B69E83317D92DF70077AB87 /* Logger.h */,
				2B69E83417D92DF70077AB87 /* Logger.m */,
				2B69E83517D92DF70077AB87 /* UnitTest.h */,
				2B69E83617D92DF70077AB87 /* UnitTest.m */,
			);
			path = UnitTest;
			sourceTree = "<group>";
		};
		2B9CF4D817D7A24C00B0AFE3 = {
			isa = PBXGroup;
			children = (
				2B51B5D617D8C80A00C4A52D /* README.md */,
				2B69E82417D92DF70077AB87 /* arccat */,
				2BA819B717D83CB5002F5999 /* TestCases */,
				2B9CF4EA17D7A24C00B0AFE3 /* TestApp */,
				2B9CF4E317D7A24C00B0AFE3 /* Frameworks */,
				2B9CF4E217D7A24C00B0AFE3 /* Products */,
			);
			sourceTree = "<group>";
		};
		2B9CF4E217D7A24C00B0AFE3 /* Products */ = {
			isa = PBXGroup;
			children = (
				2B9CF4E117D7A24C00B0AFE3 /* TestApp.app */,
			);
			name = Products;
			sourceTree = "<group>";
		};
		2B9CF4E317D7A24C00B0AFE3 /* Frameworks */ = {
			isa = PBXGroup;
			children = (
				2B9CF4E417D7A24C00B0AFE3 /* UIKit.framework */,
				2B9CF4E617D7A24C00B0AFE3 /* Foundation.framework */,
				2B9CF4E817D7A24C00B0AFE3 /* CoreGraphics.framework */,
			);
			name = Frameworks;
			sourceTree = "<group>";
		};
		2B9CF4EA17D7A24C00B0AFE3 /* TestApp */ = {
			isa = PBXGroup;
			children = (
				2B9CF4F317D7A24C00B0AFE3 /* AppDelegate.h */,
				2B9CF4F417D7A24C00B0AFE3 /* AppDelegate.m */,
				2B9CF4FC17D7A24C00B0AFE3 /* ViewController.h */,
				2B9CF4FD17D7A24C00B0AFE3 /* ViewController.m */,
				2B9CF4FF17D7A24D00B0AFE3 /* ViewController_iPhone.xib */,
				2B9CF50217D7A24D00B0AFE3 /* ViewController_iPad.xib */,
				2B9CF4EB17D7A24C00B0AFE3 /* Supporting Files */,
			);
			path = TestApp;
			sourceTree = "<group>";
		};
		2B9CF4EB17D7A24C00B0AFE3 /* Supporting Files */ = {
			isa = PBXGroup;
			children = (
				2B9CF4EC17D7A24C00B0AFE3 /* TestApp-Info.plist */,
				2B9CF4ED17D7A24C00B0AFE3 /* InfoPlist.strings */,
				2B9CF4F017D7A24C00B0AFE3 /* main.m */,
				2B9CF4F217D7A24C00B0AFE3 /* TestApp-Prefix.pch */,
				2B9CF4F617D7A24C00B0AFE3 /* Default.png */,
				2B9CF4F817D7A24C00B0AFE3 /* Default@2x.png */,
				2B9CF4FA17D7A24C00B0AFE3 /* Default-568h@2x.png */,
			);
			name = "Supporting Files";
			sourceTree = "<group>";
		};
		2BA819B717D83CB5002F5999 /* TestCases */ = {
			isa = PBXGroup;
			children = (
				2BA819B817D83CB5002F5999 /* ExtTestCases */,
			);
			name = TestCases;
			path = ../TestCases;
			sourceTree = "<group>";
		};
		2BA819B817D83CB5002F5999 /* ExtTestCases */ = {
			isa = PBXGroup;
			children = (
				2BA819BA17D83CCD002F5999 /* TestString.m */,
				2BA819C017D85069002F5999 /* TestNumber.m */,
				2BA819C317D855E6002F5999 /* TestDictionary.m */,
				2BA819C917D86133002F5999 /* TestArray.m */,
				2BA819D217D866ED002F5999 /* TestDate.m */,
				2B69E87917D9360F0077AB87 /* TestObject.m */,
			);
			path = ExtTestCases;
			sourceTree = "<group>";
		};
/* End PBXGroup section */

/* Begin PBXNativeTarget section */
		2B9CF4E017D7A24C00B0AFE3 /* TestApp */ = {
			isa = PBXNativeTarget;
			buildConfigurationList = 2B9CF50717D7A24D00B0AFE3 /* Build configuration list for PBXNativeTarget "TestApp" */;
			buildPhases = (
				2B9CF4DD17D7A24C00B0AFE3 /* Sources */,
				2B9CF4DE17D7A24C00B0AFE3 /* Frameworks */,
				2B9CF4DF17D7A24C00B0AFE3 /* Resources */,
			);
			buildRules = (
			);
			dependencies = (
			);
			name = TestApp;
			productName = TestApp;
			productReference = 2B9CF4E117D7A24C00B0AFE3 /* TestApp.app */;
			productType = "com.apple.product-type.application";
		};
/* End PBXNativeTarget section */

/* Begin PBXProject section */
		2B9CF4D917D7A24C00B0AFE3 /* Project object */ = {
			isa = PBXProject;
			attributes = {
				LastUpgradeCheck = 0460;
				ORGANIZATIONNAME = factorcat;
			};
			buildConfigurationList = 2B9CF4DC17D7A24C00B0AFE3 /* Build configuration list for PBXProject "TestApp" */;
			compatibilityVersion = "Xcode 3.2";
			developmentRegion = English;
			hasScannedForEncodings = 0;
			knownRegions = (
				en,
			);
			mainGroup = 2B9CF4D817D7A24C00B0AFE3;
			productRefGroup = 2B9CF4E217D7A24C00B0AFE3 /* Products */;
			projectDirPath = "";
			projectRoot = "";
			targets = (
				2B9CF4E017D7A24C00B0AFE3 /* TestApp */,
			);
		};
/* End PBXProject section */

/* Begin PBXResourcesBuildPhase section */
		2B9CF4DF17D7A24C00B0AFE3 /* Resources */ = {
			isa = PBXResourcesBuildPhase;
			buildActionMask = 2147483647;
			files = (
				2B9CF4EF17D7A24C00B0AFE3 /* InfoPlist.strings in Resources */,
				2B9CF4F717D7A24C00B0AFE3 /* Default.png in Resources */,
				2B9CF4F917D7A24C00B0AFE3 /* Default@2x.png in Resources */,
				2B9CF4FB17D7A24C00B0AFE3 /* Default-568h@2x.png in Resources */,
				2B9CF50117D7A24D00B0AFE3 /* ViewController_iPhone.xib in Resources */,
				2B9CF50417D7A24D00B0AFE3 /* ViewController_iPad.xib in Resources */,
			);
			runOnlyForDeploymentPostprocessing = 0;
		};
/* End PBXResourcesBuildPhase section */

/* Begin PBXSourcesBuildPhase section */
		2B9CF4DD17D7A24C00B0AFE3 /* Sources */ = {
			isa = PBXSourcesBuildPhase;
			buildActionMask = 2147483647;
			files = (
				2B9CF4F117D7A24C00B0AFE3 /* main.m in Sources */,
				2B9CF4F517D7A24C00B0AFE3 /* AppDelegate.m in Sources */,
				2B9CF4FE17D7A24C00B0AFE3 /* ViewController.m in Sources */,
				2BA819BB17D83CCD002F5999 /* TestString.m in Sources */,
				2BA819C117D85069002F5999 /* TestNumber.m in Sources */,
				2BA819C417D855E6002F5999 /* TestDictionary.m in Sources */,
				2BA819CA17D86133002F5999 /* TestArray.m in Sources */,
				2BA819D317D866ED002F5999 /* TestDate.m in Sources */,
				2B69E83717D92DF70077AB87 /* NSArrayExt.m in Sources */,
				2B69E83817D92DF70077AB87 /* NSDateExt.m in Sources */,
				2B69E83917D92DF70077AB87 /* NSDictionaryExt.m in Sources */,
				2B69E83A17D92DF70077AB87 /* NSStringExt.m in Sources */,
				2B69E83B17D92DF70077AB87 /* UnitTestUI.m in Sources */,
				2B69E83C17D92DF70077AB87 /* Logger.m in Sources */,
				2B69E83D17D92DF70077AB87 /* UnitTest.m in Sources */,
				2B69E87417D930950077AB87 /* NSObjectExt.m in Sources */,
				2B69E87717D931220077AB87 /* NSClassExt.m in Sources */,
				2B69E87A17D9360F0077AB87 /* TestObject.m in Sources */,
				2BD6FBE517D96D02005476A6 /* NSNumberExt.m in Sources */,
			);
			runOnlyForDeploymentPostprocessing = 0;
		};
/* End PBXSourcesBuildPhase section */

/* Begin PBXVariantGroup section */
		2B9CF4ED17D7A24C00B0AFE3 /* InfoPlist.strings */ = {
			isa = PBXVariantGroup;
			children = (
				2B9CF4EE17D7A24C00B0AFE3 /* en */,
			);
			name = InfoPlist.strings;
			sourceTree = "<group>";
		};
		2B9CF4FF17D7A24D00B0AFE3 /* ViewController_iPhone.xib */ = {
			isa = PBXVariantGroup;
			children = (
				2B9CF50017D7A24D00B0AFE3 /* en */,
			);
			name = ViewController_iPhone.xib;
			sourceTree = "<group>";
		};
		2B9CF50217D7A24D00B0AFE3 /* ViewController_iPad.xib */ = {
			isa = PBXVariantGroup;
			children = (
				2B9CF50317D7A24D00B0AFE3 /* en */,
			);
			name = ViewController_iPad.xib;
			sourceTree = "<group>";
		};
/* End PBXVariantGroup section */

/* Begin XCBuildConfiguration section */
		2B9CF50517D7A24D00B0AFE3 /* Debug */ = {
			isa = XCBuildConfiguration;
			buildSettings = {
				ALWAYS_SEARCH_USER_PATHS = NO;
				CLANG_CXX_LANGUAGE_STANDARD = "gnu++0x";
				CLANG_CXX_LIBRARY = "libc++";
				CLANG_ENABLE_OBJC_ARC = YES;
				CLANG_WARN_CONSTANT_CONVERSION = YES;
				CLANG_WARN_EMPTY_BODY = YES;
				CLANG_WARN_ENUM_CONVERSION = YES;
				CLANG_WARN_INT_CONVERSION = YES;
				CLANG_WARN__DUPLICATE_METHOD_MATCH = YES;
				"CODE_SIGN_IDENTITY[sdk=iphoneos*]" = "iPhone Developer";
				COPY_PHASE_STRIP = NO;
				GCC_C_LANGUAGE_STANDARD = gnu99;
				GCC_DYNAMIC_NO_PIC = NO;
				GCC_OPTIMIZATION_LEVEL = 0;
				GCC_PREPROCESSOR_DEFINITIONS = (
					"DEBUG=1",
					"$(inherited)",
				);
				GCC_SYMBOLS_PRIVATE_EXTERN = NO;
				GCC_WARN_ABOUT_RETURN_TYPE = YES;
				GCC_WARN_UNINITIALIZED_AUTOS = YES;
				GCC_WARN_UNUSED_VARIABLE = YES;
				IPHONEOS_DEPLOYMENT_TARGET = 6.1;
				ONLY_ACTIVE_ARCH = YES;
				SDKROOT = iphoneos;
				TARGETED_DEVICE_FAMILY = "1,2";
			};
			name = Debug;
		};
		2B9CF50617D7A24D00B0AFE3 /* Release */ = {
			isa = XCBuildConfiguration;
			buildSettings = {
				ALWAYS_SEARCH_USER_PATHS = NO;
				CLANG_CXX_LANGUAGE_STANDARD = "gnu++0x";
				CLANG_CXX_LIBRARY = "libc++";
				CLANG_ENABLE_OBJC_ARC = YES;
				CLANG_WARN_CONSTANT_CONVERSION = YES;
				CLANG_WARN_EMPTY_BODY = YES;
				CLANG_WARN_ENUM_CONVERSION = YES;
				CLANG_WARN_INT_CONVERSION = YES;
				CLANG_WARN__DUPLICATE_METHOD_MATCH = YES;
				"CODE_SIGN_IDENTITY[sdk=iphoneos*]" = "iPhone Developer";
				COPY_PHASE_STRIP = YES;
				GCC_C_LANGUAGE_STANDARD = gnu99;
				GCC_WARN_ABOUT_RETURN_TYPE = YES;
				GCC_WARN_UNINITIALIZED_AUTOS = YES;
				GCC_WARN_UNUSED_VARIABLE = YES;
				IPHONEOS_DEPLOYMENT_TARGET = 6.1;
				OTHER_CFLAGS = "-DNS_BLOCK_ASSERTIONS=1";
				SDKROOT = iphoneos;
				TARGETED_DEVICE_FAMILY = "1,2";
				VALIDATE_PRODUCT = YES;
			};
			name = Release;
		};
		2B9CF50817D7A24D00B0AFE3 /* Debug */ = {
			isa = XCBuildConfiguration;
			buildSettings = {
				GCC_PRECOMPILE_PREFIX_HEADER = YES;
				GCC_PREFIX_HEADER = "TestApp/TestApp-Prefix.pch";
				INFOPLIST_FILE = "TestApp/TestApp-Info.plist";
				PRODUCT_NAME = "$(TARGET_NAME)";
				WRAPPER_EXTENSION = app;
			};
			name = Debug;
		};
		2B9CF50917D7A24D00B0AFE3 /* Release */ = {
			isa = XCBuildConfiguration;
			buildSettings = {
				GCC_PRECOMPILE_PREFIX_HEADER = YES;
				GCC_PREFIX_HEADER = "TestApp/TestApp-Prefix.pch";
				INFOPLIST_FILE = "TestApp/TestApp-Info.plist";
				PRODUCT_NAME = "$(TARGET_NAME)";
				WRAPPER_EXTENSION = app;
			};
			name = Release;
		};
/* End XCBuildConfiguration section */

/* Begin XCConfigurationList section */
		2B9CF4DC17D7A24C00B0AFE3 /* Build configuration list for PBXProject "TestApp" */ = {
			isa = XCConfigurationList;
			buildConfigurations = (
				2B9CF50517D7A24D00B0AFE3 /* Debug */,
				2B9CF50617D7A24D00B0AFE3 /* Release */,
			);
			defaultConfigurationIsVisible = 0;
			defaultConfigurationName = Release;
		};
		2B9CF50717D7A24D00B0AFE3 /* Build configuration list for PBXNativeTarget "TestApp" */ = {
			isa = XCConfigurationList;
			buildConfigurations = (
				2B9CF50817D7A24D00B0AFE3 /* Debug */,
				2B9CF50917D7A24D00B0AFE3 /* Release */,
			);
			defaultConfigurationIsVisible = 0;
			defaultConfigurationName = Release;
		};
/* End XCConfigurationList section */
	};
	rootObject = 2B9CF4D917D7A24C00B0AFE3 /* Project object */;
}
