// !$*UTF8*$!
{
	archiveVersion = 1;
	classes = {
	};
	objectVersion = 46;
	objects = {

/* Begin PBXBuildFile section */
		2B1804FA185594A6009A5F6D /* Foundation.framework in Frameworks */ = {isa = PBXBuildFile; fileRef = DA8BC1BB181D92B70066B49C /* Foundation.framework */; };
		2B1804FB185594A6009A5F6D /* CoreGraphics.framework in Frameworks */ = {isa = PBXBuildFile; fileRef = DA8BC1BD181D92B70066B49C /* CoreGraphics.framework */; };
		2B1804FC185594A6009A5F6D /* UIKit.framework in Frameworks */ = {isa = PBXBuildFile; fileRef = DA8BC1BF181D92B70066B49C /* UIKit.framework */; };
		2B180502185594A6009A5F6D /* InfoPlist.strings in Resources */ = {isa = PBXBuildFile; fileRef = 2B180500185594A6009A5F6D /* InfoPlist.strings */; };
		2B180504185594A6009A5F6D /* main.m in Sources */ = {isa = PBXBuildFile; fileRef = 2B180503185594A6009A5F6D /* main.m */; };
		2B180508185594A6009A5F6D /* AppDelegate.m in Sources */ = {isa = PBXBuildFile; fileRef = 2B180507185594A6009A5F6D /* AppDelegate.m */; };
		2B18050B185594A6009A5F6D /* Main_iPhone.storyboard in Resources */ = {isa = PBXBuildFile; fileRef = 2B180509185594A6009A5F6D /* Main_iPhone.storyboard */; };
		2B18050E185594A6009A5F6D /* Main_iPad.storyboard in Resources */ = {isa = PBXBuildFile; fileRef = 2B18050C185594A6009A5F6D /* Main_iPad.storyboard */; };
		2B180511185594A6009A5F6D /* FirstViewController.m in Sources */ = {isa = PBXBuildFile; fileRef = 2B180510185594A6009A5F6D /* FirstViewController.m */; };
		2B180514185594A6009A5F6D /* SecondViewController.m in Sources */ = {isa = PBXBuildFile; fileRef = 2B180513185594A6009A5F6D /* SecondViewController.m */; };
		2B180516185594A6009A5F6D /* Images.xcassets in Resources */ = {isa = PBXBuildFile; fileRef = 2B180515185594A6009A5F6D /* Images.xcassets */; };
		2B1805911855958D009A5F6D /* NSArrayExt.m in Sources */ = {isa = PBXBuildFile; fileRef = 2B1805331855958D009A5F6D /* NSArrayExt.m */; };
		2B1805921855958D009A5F6D /* NSArrayExt.m in Sources */ = {isa = PBXBuildFile; fileRef = 2B1805331855958D009A5F6D /* NSArrayExt.m */; };
		2B1805931855958D009A5F6D /* NSClassExt.m in Sources */ = {isa = PBXBuildFile; fileRef = 2B1805351855958D009A5F6D /* NSClassExt.m */; };
		2B1805941855958D009A5F6D /* NSClassExt.m in Sources */ = {isa = PBXBuildFile; fileRef = 2B1805351855958D009A5F6D /* NSClassExt.m */; };
		2B1805951855958D009A5F6D /* NSDateExt.m in Sources */ = {isa = PBXBuildFile; fileRef = 2B1805371855958D009A5F6D /* NSDateExt.m */; };
		2B1805961855958D009A5F6D /* NSDateExt.m in Sources */ = {isa = PBXBuildFile; fileRef = 2B1805371855958D009A5F6D /* NSDateExt.m */; };
		2B1805971855958D009A5F6D /* NSDictionaryExt.m in Sources */ = {isa = PBXBuildFile; fileRef = 2B1805391855958D009A5F6D /* NSDictionaryExt.m */; };
		2B1805981855958D009A5F6D /* NSDictionaryExt.m in Sources */ = {isa = PBXBuildFile; fileRef = 2B1805391855958D009A5F6D /* NSDictionaryExt.m */; };
		2B1805991855958D009A5F6D /* NSNumberExt.m in Sources */ = {isa = PBXBuildFile; fileRef = 2B18053B1855958D009A5F6D /* NSNumberExt.m */; };
		2B18059A1855958D009A5F6D /* NSNumberExt.m in Sources */ = {isa = PBXBuildFile; fileRef = 2B18053B1855958D009A5F6D /* NSNumberExt.m */; };
		2B18059B1855958D009A5F6D /* NSObjectExt.m in Sources */ = {isa = PBXBuildFile; fileRef = 2B18053D1855958D009A5F6D /* NSObjectExt.m */; };
		2B18059C1855958D009A5F6D /* NSObjectExt.m in Sources */ = {isa = PBXBuildFile; fileRef = 2B18053D1855958D009A5F6D /* NSObjectExt.m */; };
		2B18059D1855958D009A5F6D /* NSStringExt.m in Sources */ = {isa = PBXBuildFile; fileRef = 2B18053F1855958D009A5F6D /* NSStringExt.m */; };
		2B18059E1855958D009A5F6D /* NSStringExt.m in Sources */ = {isa = PBXBuildFile; fileRef = 2B18053F1855958D009A5F6D /* NSStringExt.m */; };
		2B18059F1855958D009A5F6D /* NSValueExt.m in Sources */ = {isa = PBXBuildFile; fileRef = 2B1805411855958D009A5F6D /* NSValueExt.m */; };
		2B1805A01855958D009A5F6D /* NSValueExt.m in Sources */ = {isa = PBXBuildFile; fileRef = 2B1805411855958D009A5F6D /* NSValueExt.m */; };
		2B1805A11855958D009A5F6D /* UnitTestUI.m in Sources */ = {isa = PBXBuildFile; fileRef = 2B1805441855958D009A5F6D /* UnitTestUI.m */; };
		2B1805A21855958D009A5F6D /* UnitTestUI.m in Sources */ = {isa = PBXBuildFile; fileRef = 2B1805441855958D009A5F6D /* UnitTestUI.m */; };
		2B1805A31855958D009A5F6D /* Logger.m in Sources */ = {isa = PBXBuildFile; fileRef = 2B1805471855958D009A5F6D /* Logger.m */; };
		2B1805A41855958D009A5F6D /* Logger.m in Sources */ = {isa = PBXBuildFile; fileRef = 2B1805471855958D009A5F6D /* Logger.m */; };
		2B1805A51855958D009A5F6D /* UnitTest.m in Sources */ = {isa = PBXBuildFile; fileRef = 2B1805491855958D009A5F6D /* UnitTest.m */; };
		2B1805A61855958D009A5F6D /* UnitTest.m in Sources */ = {isa = PBXBuildFile; fileRef = 2B1805491855958D009A5F6D /* UnitTest.m */; };
		2B1805A71855958D009A5F6D /* GCDAsyncSocket.m in Sources */ = {isa = PBXBuildFile; fileRef = 2B18054E1855958D009A5F6D /* GCDAsyncSocket.m */; };
		2B1805A81855958D009A5F6D /* GCDAsyncSocket.m in Sources */ = {isa = PBXBuildFile; fileRef = 2B18054E1855958D009A5F6D /* GCDAsyncSocket.m */; };
		2B1805A91855958D009A5F6D /* DDAbstractDatabaseLogger.m in Sources */ = {isa = PBXBuildFile; fileRef = 2B1805511855958D009A5F6D /* DDAbstractDatabaseLogger.m */; };
		2B1805AA1855958D009A5F6D /* DDAbstractDatabaseLogger.m in Sources */ = {isa = PBXBuildFile; fileRef = 2B1805511855958D009A5F6D /* DDAbstractDatabaseLogger.m */; };
		2B1805AB1855958D009A5F6D /* DDASLLogger.m in Sources */ = {isa = PBXBuildFile; fileRef = 2B1805531855958D009A5F6D /* DDASLLogger.m */; };
		2B1805AC1855958D009A5F6D /* DDASLLogger.m in Sources */ = {isa = PBXBuildFile; fileRef = 2B1805531855958D009A5F6D /* DDASLLogger.m */; };
		2B1805AD1855958D009A5F6D /* DDFileLogger.m in Sources */ = {isa = PBXBuildFile; fileRef = 2B1805551855958D009A5F6D /* DDFileLogger.m */; };
		2B1805AE1855958D009A5F6D /* DDFileLogger.m in Sources */ = {isa = PBXBuildFile; fileRef = 2B1805551855958D009A5F6D /* DDFileLogger.m */; };
		2B1805AF1855958D009A5F6D /* DDLog.m in Sources */ = {isa = PBXBuildFile; fileRef = 2B1805571855958D009A5F6D /* DDLog.m */; };
		2B1805B01855958D009A5F6D /* DDLog.m in Sources */ = {isa = PBXBuildFile; fileRef = 2B1805571855958D009A5F6D /* DDLog.m */; };
		2B1805B11855958D009A5F6D /* DDTTYLogger.m in Sources */ = {isa = PBXBuildFile; fileRef = 2B1805591855958D009A5F6D /* DDTTYLogger.m */; };
		2B1805B21855958D009A5F6D /* DDTTYLogger.m in Sources */ = {isa = PBXBuildFile; fileRef = 2B1805591855958D009A5F6D /* DDTTYLogger.m */; };
		2B1805B31855958D009A5F6D /* ContextFilterLogFormatter.m in Sources */ = {isa = PBXBuildFile; fileRef = 2B18055C1855958D009A5F6D /* ContextFilterLogFormatter.m */; };
		2B1805B41855958D009A5F6D /* ContextFilterLogFormatter.m in Sources */ = {isa = PBXBuildFile; fileRef = 2B18055C1855958D009A5F6D /* ContextFilterLogFormatter.m */; };
		2B1805B51855958D009A5F6D /* DispatchQueueLogFormatter.m in Sources */ = {isa = PBXBuildFile; fileRef = 2B18055E1855958D009A5F6D /* DispatchQueueLogFormatter.m */; };
		2B1805B61855958D009A5F6D /* DispatchQueueLogFormatter.m in Sources */ = {isa = PBXBuildFile; fileRef = 2B18055E1855958D009A5F6D /* DispatchQueueLogFormatter.m */; };
		2B1805B71855958D009A5F6D /* README.txt in Resources */ = {isa = PBXBuildFile; fileRef = 2B18055F1855958D009A5F6D /* README.txt */; };
		2B1805B81855958D009A5F6D /* README.txt in Resources */ = {isa = PBXBuildFile; fileRef = 2B18055F1855958D009A5F6D /* README.txt */; };
		2B1805B91855958D009A5F6D /* DDData.m in Sources */ = {isa = PBXBuildFile; fileRef = 2B1805631855958D009A5F6D /* DDData.m */; };
		2B1805BA1855958D009A5F6D /* DDData.m in Sources */ = {isa = PBXBuildFile; fileRef = 2B1805631855958D009A5F6D /* DDData.m */; };
		2B1805BB1855958D009A5F6D /* DDNumber.m in Sources */ = {isa = PBXBuildFile; fileRef = 2B1805651855958D009A5F6D /* DDNumber.m */; };
		2B1805BC1855958D009A5F6D /* DDNumber.m in Sources */ = {isa = PBXBuildFile; fileRef = 2B1805651855958D009A5F6D /* DDNumber.m */; };
		2B1805BD1855958D009A5F6D /* DDRange.m in Sources */ = {isa = PBXBuildFile; fileRef = 2B1805671855958D009A5F6D /* DDRange.m */; };
		2B1805BE1855958D009A5F6D /* DDRange.m in Sources */ = {isa = PBXBuildFile; fileRef = 2B1805671855958D009A5F6D /* DDRange.m */; };
		2B1805BF1855958D009A5F6D /* HTTPAuthenticationRequest.m in Sources */ = {isa = PBXBuildFile; fileRef = 2B1805691855958D009A5F6D /* HTTPAuthenticationRequest.m */; };
		2B1805C01855958D009A5F6D /* HTTPAuthenticationRequest.m in Sources */ = {isa = PBXBuildFile; fileRef = 2B1805691855958D009A5F6D /* HTTPAuthenticationRequest.m */; };
		2B1805C11855958D009A5F6D /* HTTPConnection.m in Sources */ = {isa = PBXBuildFile; fileRef = 2B18056B1855958D009A5F6D /* HTTPConnection.m */; };
		2B1805C21855958D009A5F6D /* HTTPConnection.m in Sources */ = {isa = PBXBuildFile; fileRef = 2B18056B1855958D009A5F6D /* HTTPConnection.m */; };
		2B1805C31855958D009A5F6D /* HTTPMessage.m in Sources */ = {isa = PBXBuildFile; fileRef = 2B18056E1855958D009A5F6D /* HTTPMessage.m */; };
		2B1805C41855958D009A5F6D /* HTTPMessage.m in Sources */ = {isa = PBXBuildFile; fileRef = 2B18056E1855958D009A5F6D /* HTTPMessage.m */; };
		2B1805C51855958D009A5F6D /* HTTPServer.m in Sources */ = {isa = PBXBuildFile; fileRef = 2B1805711855958D009A5F6D /* HTTPServer.m */; };
		2B1805C61855958D009A5F6D /* HTTPServer.m in Sources */ = {isa = PBXBuildFile; fileRef = 2B1805711855958D009A5F6D /* HTTPServer.m */; };
		2B1805C71855958D009A5F6D /* MultipartFormDataParser.m in Sources */ = {isa = PBXBuildFile; fileRef = 2B1805741855958D009A5F6D /* MultipartFormDataParser.m */; };
		2B1805C81855958D009A5F6D /* MultipartFormDataParser.m in Sources */ = {isa = PBXBuildFile; fileRef = 2B1805741855958D009A5F6D /* MultipartFormDataParser.m */; };
		2B1805C91855958D009A5F6D /* MultipartMessageHeader.m in Sources */ = {isa = PBXBuildFile; fileRef = 2B1805761855958D009A5F6D /* MultipartMessageHeader.m */; };
		2B1805CA1855958D009A5F6D /* MultipartMessageHeader.m in Sources */ = {isa = PBXBuildFile; fileRef = 2B1805761855958D009A5F6D /* MultipartMessageHeader.m */; };
		2B1805CB1855958D009A5F6D /* MultipartMessageHeaderField.m in Sources */ = {isa = PBXBuildFile; fileRef = 2B1805781855958D009A5F6D /* MultipartMessageHeaderField.m */; };
		2B1805CC1855958D009A5F6D /* MultipartMessageHeaderField.m in Sources */ = {isa = PBXBuildFile; fileRef = 2B1805781855958D009A5F6D /* MultipartMessageHeaderField.m */; };
		2B1805CD1855958D009A5F6D /* HTTPAsyncFileResponse.m in Sources */ = {isa = PBXBuildFile; fileRef = 2B18057B1855958D009A5F6D /* HTTPAsyncFileResponse.m */; };
		2B1805CE1855958D009A5F6D /* HTTPAsyncFileResponse.m in Sources */ = {isa = PBXBuildFile; fileRef = 2B18057B1855958D009A5F6D /* HTTPAsyncFileResponse.m */; };
		2B1805CF1855958D009A5F6D /* HTTPDataResponse.m in Sources */ = {isa = PBXBuildFile; fileRef = 2B18057D1855958D009A5F6D /* HTTPDataResponse.m */; };
		2B1805D01855958D009A5F6D /* HTTPDataResponse.m in Sources */ = {isa = PBXBuildFile; fileRef = 2B18057D1855958D009A5F6D /* HTTPDataResponse.m */; };
		2B1805D11855958D009A5F6D /* HTTPDynamicFileResponse.m in Sources */ = {isa = PBXBuildFile; fileRef = 2B18057F1855958D009A5F6D /* HTTPDynamicFileResponse.m */; };
		2B1805D21855958D009A5F6D /* HTTPDynamicFileResponse.m in Sources */ = {isa = PBXBuildFile; fileRef = 2B18057F1855958D009A5F6D /* HTTPDynamicFileResponse.m */; };
		2B1805D31855958D009A5F6D /* HTTPErrorResponse.m in Sources */ = {isa = PBXBuildFile; fileRef = 2B1805811855958D009A5F6D /* HTTPErrorResponse.m */; };
		2B1805D41855958D009A5F6D /* HTTPErrorResponse.m in Sources */ = {isa = PBXBuildFile; fileRef = 2B1805811855958D009A5F6D /* HTTPErrorResponse.m */; };
		2B1805D51855958D009A5F6D /* HTTPFileResponse.m in Sources */ = {isa = PBXBuildFile; fileRef = 2B1805831855958D009A5F6D /* HTTPFileResponse.m */; };
		2B1805D61855958D009A5F6D /* HTTPFileResponse.m in Sources */ = {isa = PBXBuildFile; fileRef = 2B1805831855958D009A5F6D /* HTTPFileResponse.m */; };
		2B1805D71855958D009A5F6D /* HTTPRedirectResponse.m in Sources */ = {isa = PBXBuildFile; fileRef = 2B1805851855958D009A5F6D /* HTTPRedirectResponse.m */; };
		2B1805D81855958D009A5F6D /* HTTPRedirectResponse.m in Sources */ = {isa = PBXBuildFile; fileRef = 2B1805851855958D009A5F6D /* HTTPRedirectResponse.m */; };
		2B1805D91855958D009A5F6D /* WebSocket.m in Sources */ = {isa = PBXBuildFile; fileRef = 2B1805871855958D009A5F6D /* WebSocket.m */; };
		2B1805DA1855958D009A5F6D /* WebSocket.m in Sources */ = {isa = PBXBuildFile; fileRef = 2B1805871855958D009A5F6D /* WebSocket.m */; };
		2B1805DB1855958D009A5F6D /* Console.m in Sources */ = {isa = PBXBuildFile; fileRef = 2B18058A1855958D009A5F6D /* Console.m */; };
		2B1805DC1855958D009A5F6D /* Console.m in Sources */ = {isa = PBXBuildFile; fileRef = 2B18058A1855958D009A5F6D /* Console.m */; };
		2B1805DD1855958D009A5F6D /* NSStringConsoleExt.m in Sources */ = {isa = PBXBuildFile; fileRef = 2B18058C1855958D009A5F6D /* NSStringConsoleExt.m */; };
		2B1805DE1855958D009A5F6D /* NSStringConsoleExt.m in Sources */ = {isa = PBXBuildFile; fileRef = 2B18058C1855958D009A5F6D /* NSStringConsoleExt.m */; };
		2B1805DF1855958D009A5F6D /* ResponseHandler.m in Sources */ = {isa = PBXBuildFile; fileRef = 2B18058E1855958D009A5F6D /* ResponseHandler.m */; };
		2B1805E01855958D009A5F6D /* ResponseHandler.m in Sources */ = {isa = PBXBuildFile; fileRef = 2B18058E1855958D009A5F6D /* ResponseHandler.m */; };
		2B1805E11855958D009A5F6D /* UIViewConsoleExt.m in Sources */ = {isa = PBXBuildFile; fileRef = 2B1805901855958D009A5F6D /* UIViewConsoleExt.m */; };
		2B1805E21855958D009A5F6D /* UIViewConsoleExt.m in Sources */ = {isa = PBXBuildFile; fileRef = 2B1805901855958D009A5F6D /* UIViewConsoleExt.m */; };
		2B1805EB18559885009A5F6D /* TestArray.m in Sources */ = {isa = PBXBuildFile; fileRef = 2B1805E518559885009A5F6D /* TestArray.m */; };
		2B1805EC18559885009A5F6D /* TestArray.m in Sources */ = {isa = PBXBuildFile; fileRef = 2B1805E518559885009A5F6D /* TestArray.m */; };
		2B1805ED18559885009A5F6D /* TestDate.m in Sources */ = {isa = PBXBuildFile; fileRef = 2B1805E618559885009A5F6D /* TestDate.m */; };
		2B1805EE18559885009A5F6D /* TestDate.m in Sources */ = {isa = PBXBuildFile; fileRef = 2B1805E618559885009A5F6D /* TestDate.m */; };
		2B1805EF18559885009A5F6D /* TestDictionary.m in Sources */ = {isa = PBXBuildFile; fileRef = 2B1805E718559885009A5F6D /* TestDictionary.m */; };
		2B1805F018559885009A5F6D /* TestDictionary.m in Sources */ = {isa = PBXBuildFile; fileRef = 2B1805E718559885009A5F6D /* TestDictionary.m */; };
		2B1805F118559885009A5F6D /* TestNumber.m in Sources */ = {isa = PBXBuildFile; fileRef = 2B1805E818559885009A5F6D /* TestNumber.m */; };
		2B1805F218559885009A5F6D /* TestNumber.m in Sources */ = {isa = PBXBuildFile; fileRef = 2B1805E818559885009A5F6D /* TestNumber.m */; };
		2B1805F318559885009A5F6D /* TestObject.m in Sources */ = {isa = PBXBuildFile; fileRef = 2B1805E918559885009A5F6D /* TestObject.m */; };
		2B1805F418559885009A5F6D /* TestObject.m in Sources */ = {isa = PBXBuildFile; fileRef = 2B1805E918559885009A5F6D /* TestObject.m */; };
		2B1805F518559885009A5F6D /* TestString.m in Sources */ = {isa = PBXBuildFile; fileRef = 2B1805EA18559885009A5F6D /* TestString.m */; };
		2B1805F618559885009A5F6D /* TestString.m in Sources */ = {isa = PBXBuildFile; fileRef = 2B1805EA18559885009A5F6D /* TestString.m */; };
		DA8BC1BC181D92B70066B49C /* Foundation.framework in Frameworks */ = {isa = PBXBuildFile; fileRef = DA8BC1BB181D92B70066B49C /* Foundation.framework */; };
		DA8BC1BE181D92B70066B49C /* CoreGraphics.framework in Frameworks */ = {isa = PBXBuildFile; fileRef = DA8BC1BD181D92B70066B49C /* CoreGraphics.framework */; };
		DA8BC1C0181D92B70066B49C /* UIKit.framework in Frameworks */ = {isa = PBXBuildFile; fileRef = DA8BC1BF181D92B70066B49C /* UIKit.framework */; };
		DA8BC1C6181D92B70066B49C /* InfoPlist.strings in Resources */ = {isa = PBXBuildFile; fileRef = DA8BC1C4181D92B70066B49C /* InfoPlist.strings */; };
		DA8BC1C8181D92B70066B49C /* main.m in Sources */ = {isa = PBXBuildFile; fileRef = DA8BC1C7181D92B70066B49C /* main.m */; };
		DA8BC1CC181D92B70066B49C /* AppDelegate.m in Sources */ = {isa = PBXBuildFile; fileRef = DA8BC1CB181D92B70066B49C /* AppDelegate.m */; };
		DA8BC1CF181D92B70066B49C /* Main_iPhone.storyboard in Resources */ = {isa = PBXBuildFile; fileRef = DA8BC1CD181D92B70066B49C /* Main_iPhone.storyboard */; };
		DA8BC1D2181D92B70066B49C /* Main_iPad.storyboard in Resources */ = {isa = PBXBuildFile; fileRef = DA8BC1D0181D92B70066B49C /* Main_iPad.storyboard */; };
		DA8BC1D5181D92B70066B49C /* ViewController.m in Sources */ = {isa = PBXBuildFile; fileRef = DA8BC1D4181D92B70066B49C /* ViewController.m */; };
		DA8BC1D7181D92B70066B49C /* Images.xcassets in Resources */ = {isa = PBXBuildFile; fileRef = DA8BC1D6181D92B70066B49C /* Images.xcassets */; };
/* End PBXBuildFile section */

/* Begin PBXFileReference section */
		2B1804F9185594A6009A5F6D /* TestTabBarApp.app */ = {isa = PBXFileReference; explicitFileType = wrapper.application; includeInIndex = 0; path = TestTabBarApp.app; sourceTree = BUILT_PRODUCTS_DIR; };
		2B1804FF185594A6009A5F6D /* TestTabBarApp-Info.plist */ = {isa = PBXFileReference; lastKnownFileType = text.plist.xml; path = "TestTabBarApp-Info.plist"; sourceTree = "<group>"; };
		2B180501185594A6009A5F6D /* en */ = {isa = PBXFileReference; lastKnownFileType = text.plist.strings; name = en; path = en.lproj/InfoPlist.strings; sourceTree = "<group>"; };
		2B180503185594A6009A5F6D /* main.m */ = {isa = PBXFileReference; lastKnownFileType = sourcecode.c.objc; path = main.m; sourceTree = "<group>"; };
		2B180505185594A6009A5F6D /* TestTabBarApp-Prefix.pch */ = {isa = PBXFileReference; lastKnownFileType = sourcecode.c.h; path = "TestTabBarApp-Prefix.pch"; sourceTree = "<group>"; };
		2B180506185594A6009A5F6D /* AppDelegate.h */ = {isa = PBXFileReference; lastKnownFileType = sourcecode.c.h; path = AppDelegate.h; sourceTree = "<group>"; };
		2B180507185594A6009A5F6D /* AppDelegate.m */ = {isa = PBXFileReference; lastKnownFileType = sourcecode.c.objc; path = AppDelegate.m; sourceTree = "<group>"; };
		2B18050A185594A6009A5F6D /* Base */ = {isa = PBXFileReference; lastKnownFileType = file.storyboard; name = Base; path = Base.lproj/Main_iPhone.storyboard; sourceTree = "<group>"; };
		2B18050D185594A6009A5F6D /* Base */ = {isa = PBXFileReference; lastKnownFileType = file.storyboard; name = Base; path = Base.lproj/Main_iPad.storyboard; sourceTree = "<group>"; };
		2B18050F185594A6009A5F6D /* FirstViewController.h */ = {isa = PBXFileReference; lastKnownFileType = sourcecode.c.h; path = FirstViewController.h; sourceTree = "<group>"; };
		2B180510185594A6009A5F6D /* FirstViewController.m */ = {isa = PBXFileReference; lastKnownFileType = sourcecode.c.objc; path = FirstViewController.m; sourceTree = "<group>"; };
		2B180512185594A6009A5F6D /* SecondViewController.h */ = {isa = PBXFileReference; lastKnownFileType = sourcecode.c.h; path = SecondViewController.h; sourceTree = "<group>"; };
		2B180513185594A6009A5F6D /* SecondViewController.m */ = {isa = PBXFileReference; lastKnownFileType = sourcecode.c.objc; path = SecondViewController.m; sourceTree = "<group>"; };
		2B180515185594A6009A5F6D /* Images.xcassets */ = {isa = PBXFileReference; lastKnownFileType = folder.assetcatalog; path = Images.xcassets; sourceTree = "<group>"; };
		2B1805301855958D009A5F6D /* arccat.h */ = {isa = PBXFileReference; fileEncoding = 4; lastKnownFileType = sourcecode.c.h; path = arccat.h; sourceTree = "<group>"; };
		2B1805321855958D009A5F6D /* NSArrayExt.h */ = {isa = PBXFileReference; fileEncoding = 4; lastKnownFileType = sourcecode.c.h; path = NSArrayExt.h; sourceTree = "<group>"; };
		2B1805331855958D009A5F6D /* NSArrayExt.m */ = {isa = PBXFileReference; fileEncoding = 4; lastKnownFileType = sourcecode.c.objc; path = NSArrayExt.m; sourceTree = "<group>"; };
		2B1805341855958D009A5F6D /* NSClassExt.h */ = {isa = PBXFileReference; fileEncoding = 4; lastKnownFileType = sourcecode.c.h; path = NSClassExt.h; sourceTree = "<group>"; };
		2B1805351855958D009A5F6D /* NSClassExt.m */ = {isa = PBXFileReference; fileEncoding = 4; lastKnownFileType = sourcecode.c.objc; path = NSClassExt.m; sourceTree = "<group>"; };
		2B1805361855958D009A5F6D /* NSDateExt.h */ = {isa = PBXFileReference; fileEncoding = 4; lastKnownFileType = sourcecode.c.h; path = NSDateExt.h; sourceTree = "<group>"; };
		2B1805371855958D009A5F6D /* NSDateExt.m */ = {isa = PBXFileReference; fileEncoding = 4; lastKnownFileType = sourcecode.c.objc; path = NSDateExt.m; sourceTree = "<group>"; };
		2B1805381855958D009A5F6D /* NSDictionaryExt.h */ = {isa = PBXFileReference; fileEncoding = 4; lastKnownFileType = sourcecode.c.h; path = NSDictionaryExt.h; sourceTree = "<group>"; };
		2B1805391855958D009A5F6D /* NSDictionaryExt.m */ = {isa = PBXFileReference; fileEncoding = 4; lastKnownFileType = sourcecode.c.objc; path = NSDictionaryExt.m; sourceTree = "<group>"; };
		2B18053A1855958D009A5F6D /* NSNumberExt.h */ = {isa = PBXFileReference; fileEncoding = 4; lastKnownFileType = sourcecode.c.h; path = NSNumberExt.h; sourceTree = "<group>"; };
		2B18053B1855958D009A5F6D /* NSNumberExt.m */ = {isa = PBXFileReference; fileEncoding = 4; lastKnownFileType = sourcecode.c.objc; path = NSNumberExt.m; sourceTree = "<group>"; };
		2B18053C1855958D009A5F6D /* NSObjectExt.h */ = {isa = PBXFileReference; fileEncoding = 4; lastKnownFileType = sourcecode.c.h; path = NSObjectExt.h; sourceTree = "<group>"; };
		2B18053D1855958D009A5F6D /* NSObjectExt.m */ = {isa = PBXFileReference; fileEncoding = 4; lastKnownFileType = sourcecode.c.objc; path = NSObjectExt.m; sourceTree = "<group>"; };
		2B18053E1855958D009A5F6D /* NSStringExt.h */ = {isa = PBXFileReference; fileEncoding = 4; lastKnownFileType = sourcecode.c.h; path = NSStringExt.h; sourceTree = "<group>"; };
		2B18053F1855958D009A5F6D /* NSStringExt.m */ = {isa = PBXFileReference; fileEncoding = 4; lastKnownFileType = sourcecode.c.objc; path = NSStringExt.m; sourceTree = "<group>"; };
		2B1805401855958D009A5F6D /* NSValueExt.h */ = {isa = PBXFileReference; fileEncoding = 4; lastKnownFileType = sourcecode.c.h; path = NSValueExt.h; sourceTree = "<group>"; };
		2B1805411855958D009A5F6D /* NSValueExt.m */ = {isa = PBXFileReference; fileEncoding = 4; lastKnownFileType = sourcecode.c.objc; path = NSValueExt.m; sourceTree = "<group>"; };
		2B1805431855958D009A5F6D /* UnitTestUI.h */ = {isa = PBXFileReference; fileEncoding = 4; lastKnownFileType = sourcecode.c.h; path = UnitTestUI.h; sourceTree = "<group>"; };
		2B1805441855958D009A5F6D /* UnitTestUI.m */ = {isa = PBXFileReference; fileEncoding = 4; lastKnownFileType = sourcecode.c.objc; path = UnitTestUI.m; sourceTree = "<group>"; };
		2B1805461855958D009A5F6D /* Logger.h */ = {isa = PBXFileReference; fileEncoding = 4; lastKnownFileType = sourcecode.c.h; path = Logger.h; sourceTree = "<group>"; };
		2B1805471855958D009A5F6D /* Logger.m */ = {isa = PBXFileReference; fileEncoding = 4; lastKnownFileType = sourcecode.c.objc; path = Logger.m; sourceTree = "<group>"; };
		2B1805481855958D009A5F6D /* UnitTest.h */ = {isa = PBXFileReference; fileEncoding = 4; lastKnownFileType = sourcecode.c.h; path = UnitTest.h; sourceTree = "<group>"; };
		2B1805491855958D009A5F6D /* UnitTest.m */ = {isa = PBXFileReference; fileEncoding = 4; lastKnownFileType = sourcecode.c.objc; path = UnitTest.m; sourceTree = "<group>"; };
		2B18054D1855958D009A5F6D /* GCDAsyncSocket.h */ = {isa = PBXFileReference; fileEncoding = 4; lastKnownFileType = sourcecode.c.h; path = GCDAsyncSocket.h; sourceTree = "<group>"; };
		2B18054E1855958D009A5F6D /* GCDAsyncSocket.m */ = {isa = PBXFileReference; fileEncoding = 4; lastKnownFileType = sourcecode.c.objc; path = GCDAsyncSocket.m; sourceTree = "<group>"; };
		2B1805501855958D009A5F6D /* DDAbstractDatabaseLogger.h */ = {isa = PBXFileReference; fileEncoding = 4; lastKnownFileType = sourcecode.c.h; path = DDAbstractDatabaseLogger.h; sourceTree = "<group>"; };
		2B1805511855958D009A5F6D /* DDAbstractDatabaseLogger.m */ = {isa = PBXFileReference; fileEncoding = 4; lastKnownFileType = sourcecode.c.objc; path = DDAbstractDatabaseLogger.m; sourceTree = "<group>"; };
		2B1805521855958D009A5F6D /* DDASLLogger.h */ = {isa = PBXFileReference; fileEncoding = 4; lastKnownFileType = sourcecode.c.h; path = DDASLLogger.h; sourceTree = "<group>"; };
		2B1805531855958D009A5F6D /* DDASLLogger.m */ = {isa = PBXFileReference; fileEncoding = 4; lastKnownFileType = sourcecode.c.objc; path = DDASLLogger.m; sourceTree = "<group>"; };
		2B1805541855958D009A5F6D /* DDFileLogger.h */ = {isa = PBXFileReference; fileEncoding = 4; lastKnownFileType = sourcecode.c.h; path = DDFileLogger.h; sourceTree = "<group>"; };
		2B1805551855958D009A5F6D /* DDFileLogger.m */ = {isa = PBXFileReference; fileEncoding = 4; lastKnownFileType = sourcecode.c.objc; path = DDFileLogger.m; sourceTree = "<group>"; };
		2B1805561855958D009A5F6D /* DDLog.h */ = {isa = PBXFileReference; fileEncoding = 4; lastKnownFileType = sourcecode.c.h; path = DDLog.h; sourceTree = "<group>"; };
		2B1805571855958D009A5F6D /* DDLog.m */ = {isa = PBXFileReference; fileEncoding = 4; lastKnownFileType = sourcecode.c.objc; path = DDLog.m; sourceTree = "<group>"; };
		2B1805581855958D009A5F6D /* DDTTYLogger.h */ = {isa = PBXFileReference; fileEncoding = 4; lastKnownFileType = sourcecode.c.h; path = DDTTYLogger.h; sourceTree = "<group>"; };
		2B1805591855958D009A5F6D /* DDTTYLogger.m */ = {isa = PBXFileReference; fileEncoding = 4; lastKnownFileType = sourcecode.c.objc; path = DDTTYLogger.m; sourceTree = "<group>"; };
		2B18055B1855958D009A5F6D /* ContextFilterLogFormatter.h */ = {isa = PBXFileReference; fileEncoding = 4; lastKnownFileType = sourcecode.c.h; path = ContextFilterLogFormatter.h; sourceTree = "<group>"; };
		2B18055C1855958D009A5F6D /* ContextFilterLogFormatter.m */ = {isa = PBXFileReference; fileEncoding = 4; lastKnownFileType = sourcecode.c.objc; path = ContextFilterLogFormatter.m; sourceTree = "<group>"; };
		2B18055D1855958D009A5F6D /* DispatchQueueLogFormatter.h */ = {isa = PBXFileReference; fileEncoding = 4; lastKnownFileType = sourcecode.c.h; path = DispatchQueueLogFormatter.h; sourceTree = "<group>"; };
		2B18055E1855958D009A5F6D /* DispatchQueueLogFormatter.m */ = {isa = PBXFileReference; fileEncoding = 4; lastKnownFileType = sourcecode.c.objc; path = DispatchQueueLogFormatter.m; sourceTree = "<group>"; };
		2B18055F1855958D009A5F6D /* README.txt */ = {isa = PBXFileReference; fileEncoding = 4; lastKnownFileType = text; path = README.txt; sourceTree = "<group>"; };
		2B1805621855958D009A5F6D /* DDData.h */ = {isa = PBXFileReference; fileEncoding = 4; lastKnownFileType = sourcecode.c.h; path = DDData.h; sourceTree = "<group>"; };
		2B1805631855958D009A5F6D /* DDData.m */ = {isa = PBXFileReference; fileEncoding = 4; lastKnownFileType = sourcecode.c.objc; path = DDData.m; sourceTree = "<group>"; };
		2B1805641855958D009A5F6D /* DDNumber.h */ = {isa = PBXFileReference; fileEncoding = 4; lastKnownFileType = sourcecode.c.h; path = DDNumber.h; sourceTree = "<group>"; };
		2B1805651855958D009A5F6D /* DDNumber.m */ = {isa = PBXFileReference; fileEncoding = 4; lastKnownFileType = sourcecode.c.objc; path = DDNumber.m; sourceTree = "<group>"; };
		2B1805661855958D009A5F6D /* DDRange.h */ = {isa = PBXFileReference; fileEncoding = 4; lastKnownFileType = sourcecode.c.h; path = DDRange.h; sourceTree = "<group>"; };
		2B1805671855958D009A5F6D /* DDRange.m */ = {isa = PBXFileReference; fileEncoding = 4; lastKnownFileType = sourcecode.c.objc; path = DDRange.m; sourceTree = "<group>"; };
		2B1805681855958D009A5F6D /* HTTPAuthenticationRequest.h */ = {isa = PBXFileReference; fileEncoding = 4; lastKnownFileType = sourcecode.c.h; path = HTTPAuthenticationRequest.h; sourceTree = "<group>"; };
		2B1805691855958D009A5F6D /* HTTPAuthenticationRequest.m */ = {isa = PBXFileReference; fileEncoding = 4; lastKnownFileType = sourcecode.c.objc; path = HTTPAuthenticationRequest.m; sourceTree = "<group>"; };
		2B18056A1855958D009A5F6D /* HTTPConnection.h */ = {isa = PBXFileReference; fileEncoding = 4; lastKnownFileType = sourcecode.c.h; path = HTTPConnection.h; sourceTree = "<group>"; };
		2B18056B1855958D009A5F6D /* HTTPConnection.m */ = {isa = PBXFileReference; fileEncoding = 4; lastKnownFileType = sourcecode.c.objc; path = HTTPConnection.m; sourceTree = "<group>"; };
		2B18056C1855958D009A5F6D /* HTTPLogging.h */ = {isa = PBXFileReference; fileEncoding = 4; lastKnownFileType = sourcecode.c.h; path = HTTPLogging.h; sourceTree = "<group>"; };
		2B18056D1855958D009A5F6D /* HTTPMessage.h */ = {isa = PBXFileReference; fileEncoding = 4; lastKnownFileType = sourcecode.c.h; path = HTTPMessage.h; sourceTree = "<group>"; };
		2B18056E1855958D009A5F6D /* HTTPMessage.m */ = {isa = PBXFileReference; fileEncoding = 4; lastKnownFileType = sourcecode.c.objc; path = HTTPMessage.m; sourceTree = "<group>"; };
		2B18056F1855958D009A5F6D /* HTTPResponse.h */ = {isa = PBXFileReference; fileEncoding = 4; lastKnownFileType = sourcecode.c.h; path = HTTPResponse.h; sourceTree = "<group>"; };
		2B1805701855958D009A5F6D /* HTTPServer.h */ = {isa = PBXFileReference; fileEncoding = 4; lastKnownFileType = sourcecode.c.h; path = HTTPServer.h; sourceTree = "<group>"; };
		2B1805711855958D009A5F6D /* HTTPServer.m */ = {isa = PBXFileReference; fileEncoding = 4; lastKnownFileType = sourcecode.c.objc; path = HTTPServer.m; sourceTree = "<group>"; };
		2B1805731855958D009A5F6D /* MultipartFormDataParser.h */ = {isa = PBXFileReference; fileEncoding = 4; lastKnownFileType = sourcecode.c.h; path = MultipartFormDataParser.h; sourceTree = "<group>"; };
		2B1805741855958D009A5F6D /* MultipartFormDataParser.m */ = {isa = PBXFileReference; fileEncoding = 4; lastKnownFileType = sourcecode.c.objc; path = MultipartFormDataParser.m; sourceTree = "<group>"; };
		2B1805751855958D009A5F6D /* MultipartMessageHeader.h */ = {isa = PBXFileReference; fileEncoding = 4; lastKnownFileType = sourcecode.c.h; path = MultipartMessageHeader.h; sourceTree = "<group>"; };
		2B1805761855958D009A5F6D /* MultipartMessageHeader.m */ = {isa = PBXFileReference; fileEncoding = 4; lastKnownFileType = sourcecode.c.objc; path = MultipartMessageHeader.m; sourceTree = "<group>"; };
		2B1805771855958D009A5F6D /* MultipartMessageHeaderField.h */ = {isa = PBXFileReference; fileEncoding = 4; lastKnownFileType = sourcecode.c.h; path = MultipartMessageHeaderField.h; sourceTree = "<group>"; };
		2B1805781855958D009A5F6D /* MultipartMessageHeaderField.m */ = {isa = PBXFileReference; fileEncoding = 4; lastKnownFileType = sourcecode.c.objc; path = MultipartMessageHeaderField.m; sourceTree = "<group>"; };
		2B18057A1855958D009A5F6D /* HTTPAsyncFileResponse.h */ = {isa = PBXFileReference; fileEncoding = 4; lastKnownFileType = sourcecode.c.h; path = HTTPAsyncFileResponse.h; sourceTree = "<group>"; };
		2B18057B1855958D009A5F6D /* HTTPAsyncFileResponse.m */ = {isa = PBXFileReference; fileEncoding = 4; lastKnownFileType = sourcecode.c.objc; path = HTTPAsyncFileResponse.m; sourceTree = "<group>"; };
		2B18057C1855958D009A5F6D /* HTTPDataResponse.h */ = {isa = PBXFileReference; fileEncoding = 4; lastKnownFileType = sourcecode.c.h; path = HTTPDataResponse.h; sourceTree = "<group>"; };
		2B18057D1855958D009A5F6D /* HTTPDataResponse.m */ = {isa = PBXFileReference; fileEncoding = 4; lastKnownFileType = sourcecode.c.objc; path = HTTPDataResponse.m; sourceTree = "<group>"; };
		2B18057E1855958D009A5F6D /* HTTPDynamicFileResponse.h */ = {isa = PBXFileReference; fileEncoding = 4; lastKnownFileType = sourcecode.c.h; path = HTTPDynamicFileResponse.h; sourceTree = "<group>"; };
		2B18057F1855958D009A5F6D /* HTTPDynamicFileResponse.m */ = {isa = PBXFileReference; fileEncoding = 4; lastKnownFileType = sourcecode.c.objc; path = HTTPDynamicFileResponse.m; sourceTree = "<group>"; };
		2B1805801855958D009A5F6D /* HTTPErrorResponse.h */ = {isa = PBXFileReference; fileEncoding = 4; lastKnownFileType = sourcecode.c.h; path = HTTPErrorResponse.h; sourceTree = "<group>"; };
		2B1805811855958D009A5F6D /* HTTPErrorResponse.m */ = {isa = PBXFileReference; fileEncoding = 4; lastKnownFileType = sourcecode.c.objc; path = HTTPErrorResponse.m; sourceTree = "<group>"; };
		2B1805821855958D009A5F6D /* HTTPFileResponse.h */ = {isa = PBXFileReference; fileEncoding = 4; lastKnownFileType = sourcecode.c.h; path = HTTPFileResponse.h; sourceTree = "<group>"; };
		2B1805831855958D009A5F6D /* HTTPFileResponse.m */ = {isa = PBXFileReference; fileEncoding = 4; lastKnownFileType = sourcecode.c.objc; path = HTTPFileResponse.m; sourceTree = "<group>"; };
		2B1805841855958D009A5F6D /* HTTPRedirectResponse.h */ = {isa = PBXFileReference; fileEncoding = 4; lastKnownFileType = sourcecode.c.h; path = HTTPRedirectResponse.h; sourceTree = "<group>"; };
		2B1805851855958D009A5F6D /* HTTPRedirectResponse.m */ = {isa = PBXFileReference; fileEncoding = 4; lastKnownFileType = sourcecode.c.objc; path = HTTPRedirectResponse.m; sourceTree = "<group>"; };
		2B1805861855958D009A5F6D /* WebSocket.h */ = {isa = PBXFileReference; fileEncoding = 4; lastKnownFileType = sourcecode.c.h; path = WebSocket.h; sourceTree = "<group>"; };
		2B1805871855958D009A5F6D /* WebSocket.m */ = {isa = PBXFileReference; fileEncoding = 4; lastKnownFileType = sourcecode.c.objc; path = WebSocket.m; sourceTree = "<group>"; };
		2B1805891855958D009A5F6D /* Console.h */ = {isa = PBXFileReference; fileEncoding = 4; lastKnownFileType = sourcecode.c.h; path = Console.h; sourceTree = "<group>"; };
		2B18058A1855958D009A5F6D /* Console.m */ = {isa = PBXFileReference; fileEncoding = 4; lastKnownFileType = sourcecode.c.objc; path = Console.m; sourceTree = "<group>"; };
		2B18058B1855958D009A5F6D /* NSStringConsoleExt.h */ = {isa = PBXFileReference; fileEncoding = 4; lastKnownFileType = sourcecode.c.h; path = NSStringConsoleExt.h; sourceTree = "<group>"; };
		2B18058C1855958D009A5F6D /* NSStringConsoleExt.m */ = {isa = PBXFileReference; fileEncoding = 4; lastKnownFileType = sourcecode.c.objc; path = NSStringConsoleExt.m; sourceTree = "<group>"; };
		2B18058D1855958D009A5F6D /* ResponseHandler.h */ = {isa = PBXFileReference; fileEncoding = 4; lastKnownFileType = sourcecode.c.h; path = ResponseHandler.h; sourceTree = "<group>"; };
		2B18058E1855958D009A5F6D /* ResponseHandler.m */ = {isa = PBXFileReference; fileEncoding = 4; lastKnownFileType = sourcecode.c.objc; path = ResponseHandler.m; sourceTree = "<group>"; };
		2B18058F1855958D009A5F6D /* UIViewConsoleExt.h */ = {isa = PBXFileReference; fileEncoding = 4; lastKnownFileType = sourcecode.c.h; path = UIViewConsoleExt.h; sourceTree = "<group>"; };
		2B1805901855958D009A5F6D /* UIViewConsoleExt.m */ = {isa = PBXFileReference; fileEncoding = 4; lastKnownFileType = sourcecode.c.objc; path = UIViewConsoleExt.m; sourceTree = "<group>"; };
		2B1805E518559885009A5F6D /* TestArray.m */ = {isa = PBXFileReference; fileEncoding = 4; lastKnownFileType = sourcecode.c.objc; path = TestArray.m; sourceTree = "<group>"; };
		2B1805E618559885009A5F6D /* TestDate.m */ = {isa = PBXFileReference; fileEncoding = 4; lastKnownFileType = sourcecode.c.objc; path = TestDate.m; sourceTree = "<group>"; };
		2B1805E718559885009A5F6D /* TestDictionary.m */ = {isa = PBXFileReference; fileEncoding = 4; lastKnownFileType = sourcecode.c.objc; path = TestDictionary.m; sourceTree = "<group>"; };
		2B1805E818559885009A5F6D /* TestNumber.m */ = {isa = PBXFileReference; fileEncoding = 4; lastKnownFileType = sourcecode.c.objc; path = TestNumber.m; sourceTree = "<group>"; };
		2B1805E918559885009A5F6D /* TestObject.m */ = {isa = PBXFileReference; fileEncoding = 4; lastKnownFileType = sourcecode.c.objc; path = TestObject.m; sourceTree = "<group>"; };
		2B1805EA18559885009A5F6D /* TestString.m */ = {isa = PBXFileReference; fileEncoding = 4; lastKnownFileType = sourcecode.c.objc; path = TestString.m; sourceTree = "<group>"; };
		DA8BC1B8181D92B70066B49C /* TestApp.app */ = {isa = PBXFileReference; explicitFileType = wrapper.application; includeInIndex = 0; path = TestApp.app; sourceTree = BUILT_PRODUCTS_DIR; };
		DA8BC1BB181D92B70066B49C /* Foundation.framework */ = {isa = PBXFileReference; lastKnownFileType = wrapper.framework; name = Foundation.framework; path = System/Library/Frameworks/Foundation.framework; sourceTree = SDKROOT; };
		DA8BC1BD181D92B70066B49C /* CoreGraphics.framework */ = {isa = PBXFileReference; lastKnownFileType = wrapper.framework; name = CoreGraphics.framework; path = System/Library/Frameworks/CoreGraphics.framework; sourceTree = SDKROOT; };
		DA8BC1BF181D92B70066B49C /* UIKit.framework */ = {isa = PBXFileReference; lastKnownFileType = wrapper.framework; name = UIKit.framework; path = System/Library/Frameworks/UIKit.framework; sourceTree = SDKROOT; };
		DA8BC1C3181D92B70066B49C /* TestApp-Info.plist */ = {isa = PBXFileReference; lastKnownFileType = text.plist.xml; path = "TestApp-Info.plist"; sourceTree = "<group>"; };
		DA8BC1C5181D92B70066B49C /* en */ = {isa = PBXFileReference; lastKnownFileType = text.plist.strings; name = en; path = en.lproj/InfoPlist.strings; sourceTree = "<group>"; };
		DA8BC1C7181D92B70066B49C /* main.m */ = {isa = PBXFileReference; lastKnownFileType = sourcecode.c.objc; path = main.m; sourceTree = "<group>"; };
		DA8BC1C9181D92B70066B49C /* TestApp-Prefix.pch */ = {isa = PBXFileReference; lastKnownFileType = sourcecode.c.h; path = "TestApp-Prefix.pch"; sourceTree = "<group>"; };
		DA8BC1CA181D92B70066B49C /* AppDelegate.h */ = {isa = PBXFileReference; lastKnownFileType = sourcecode.c.h; path = AppDelegate.h; sourceTree = "<group>"; };
		DA8BC1CB181D92B70066B49C /* AppDelegate.m */ = {isa = PBXFileReference; lastKnownFileType = sourcecode.c.objc; path = AppDelegate.m; sourceTree = "<group>"; };
		DA8BC1CE181D92B70066B49C /* Base */ = {isa = PBXFileReference; lastKnownFileType = file.storyboard; name = Base; path = Base.lproj/Main_iPhone.storyboard; sourceTree = "<group>"; };
		DA8BC1D1181D92B70066B49C /* Base */ = {isa = PBXFileReference; lastKnownFileType = file.storyboard; name = Base; path = Base.lproj/Main_iPad.storyboard; sourceTree = "<group>"; };
		DA8BC1D3181D92B70066B49C /* ViewController.h */ = {isa = PBXFileReference; lastKnownFileType = sourcecode.c.h; path = ViewController.h; sourceTree = "<group>"; };
		DA8BC1D4181D92B70066B49C /* ViewController.m */ = {isa = PBXFileReference; lastKnownFileType = sourcecode.c.objc; path = ViewController.m; sourceTree = "<group>"; };
		DA8BC1D6181D92B70066B49C /* Images.xcassets */ = {isa = PBXFileReference; lastKnownFileType = folder.assetcatalog; path = Images.xcassets; sourceTree = "<group>"; };
		DA8BC1DD181D92B70066B49C /* XCTest.framework */ = {isa = PBXFileReference; lastKnownFileType = wrapper.framework; name = XCTest.framework; path = Library/Frameworks/XCTest.framework; sourceTree = DEVELOPER_DIR; };
		DA8BC22A181D92C60066B49C /* README.md */ = {isa = PBXFileReference; lastKnownFileType = text; name = README.md; path = ../README.md; sourceTree = "<group>"; };
/* End PBXFileReference section */

/* Begin PBXFrameworksBuildPhase section */
		2B1804F6185594A6009A5F6D /* Frameworks */ = {
			isa = PBXFrameworksBuildPhase;
			buildActionMask = 2147483647;
			files = (
				2B1804FB185594A6009A5F6D /* CoreGraphics.framework in Frameworks */,
				2B1804FC185594A6009A5F6D /* UIKit.framework in Frameworks */,
				2B1804FA185594A6009A5F6D /* Foundation.framework in Frameworks */,
			);
			runOnlyForDeploymentPostprocessing = 0;
		};
		DA8BC1B5181D92B70066B49C /* Frameworks */ = {
			isa = PBXFrameworksBuildPhase;
			buildActionMask = 2147483647;
			files = (
				DA8BC1BE181D92B70066B49C /* CoreGraphics.framework in Frameworks */,
				DA8BC1C0181D92B70066B49C /* UIKit.framework in Frameworks */,
				DA8BC1BC181D92B70066B49C /* Foundation.framework in Frameworks */,
			);
			runOnlyForDeploymentPostprocessing = 0;
		};
/* End PBXFrameworksBuildPhase section */

/* Begin PBXGroup section */
		2B1804FD185594A6009A5F6D /* TestTabBarApp */ = {
			isa = PBXGroup;
			children = (
				2B180506185594A6009A5F6D /* AppDelegate.h */,
				2B180507185594A6009A5F6D /* AppDelegate.m */,
				2B180509185594A6009A5F6D /* Main_iPhone.storyboard */,
				2B18050C185594A6009A5F6D /* Main_iPad.storyboard */,
				2B18050F185594A6009A5F6D /* FirstViewController.h */,
				2B180510185594A6009A5F6D /* FirstViewController.m */,
				2B180512185594A6009A5F6D /* SecondViewController.h */,
				2B180513185594A6009A5F6D /* SecondViewController.m */,
				2B180515185594A6009A5F6D /* Images.xcassets */,
				2B1804FE185594A6009A5F6D /* Supporting Files */,
			);
			path = TestTabBarApp;
			sourceTree = "<group>";
		};
		2B1804FE185594A6009A5F6D /* Supporting Files */ = {
			isa = PBXGroup;
			children = (
				2B1804FF185594A6009A5F6D /* TestTabBarApp-Info.plist */,
				2B180500185594A6009A5F6D /* InfoPlist.strings */,
				2B180503185594A6009A5F6D /* main.m */,
				2B180505185594A6009A5F6D /* TestTabBarApp-Prefix.pch */,
			);
			name = "Supporting Files";
			sourceTree = "<group>";
		};
		2B18052F1855958D009A5F6D /* arccat */ = {
			isa = PBXGroup;
			children = (
				2B1805301855958D009A5F6D /* arccat.h */,
				2B1805311855958D009A5F6D /* Ext */,
				2B1805421855958D009A5F6D /* UI */,
				2B1805451855958D009A5F6D /* UnitTest */,
			);
			name = arccat;
			path = ../arccat;
			sourceTree = "<group>";
		};
		2B1805311855958D009A5F6D /* Ext */ = {
			isa = PBXGroup;
			children = (
				2B1805321855958D009A5F6D /* NSArrayExt.h */,
				2B1805331855958D009A5F6D /* NSArrayExt.m */,
				2B1805341855958D009A5F6D /* NSClassExt.h */,
				2B1805351855958D009A5F6D /* NSClassExt.m */,
				2B1805361855958D009A5F6D /* NSDateExt.h */,
				2B1805371855958D009A5F6D /* NSDateExt.m */,
				2B1805381855958D009A5F6D /* NSDictionaryExt.h */,
				2B1805391855958D009A5F6D /* NSDictionaryExt.m */,
				2B18053A1855958D009A5F6D /* NSNumberExt.h */,
				2B18053B1855958D009A5F6D /* NSNumberExt.m */,
				2B18053C1855958D009A5F6D /* NSObjectExt.h */,
				2B18053D1855958D009A5F6D /* NSObjectExt.m */,
				2B18053E1855958D009A5F6D /* NSStringExt.h */,
				2B18053F1855958D009A5F6D /* NSStringExt.m */,
				2B1805401855958D009A5F6D /* NSValueExt.h */,
				2B1805411855958D009A5F6D /* NSValueExt.m */,
			);
			path = Ext;
			sourceTree = "<group>";
		};
		2B1805421855958D009A5F6D /* UI */ = {
			isa = PBXGroup;
			children = (
				2B1805431855958D009A5F6D /* UnitTestUI.h */,
				2B1805441855958D009A5F6D /* UnitTestUI.m */,
			);
			path = UI;
			sourceTree = "<group>";
		};
		2B1805451855958D009A5F6D /* UnitTest */ = {
			isa = PBXGroup;
			children = (
				2B1805461855958D009A5F6D /* Logger.h */,
				2B1805471855958D009A5F6D /* Logger.m */,
				2B1805481855958D009A5F6D /* UnitTest.h */,
				2B1805491855958D009A5F6D /* UnitTest.m */,
			);
			path = UnitTest;
			sourceTree = "<group>";
		};
		2B18054A1855958D009A5F6D /* console */ = {
			isa = PBXGroup;
			children = (
				2B18054B1855958D009A5F6D /* CocoaHTTPServer */,
				2B1805881855958D009A5F6D /* Console */,
			);
			name = console;
			path = ../console;
			sourceTree = "<group>";
		};
		2B18054B1855958D009A5F6D /* CocoaHTTPServer */ = {
			isa = PBXGroup;
			children = (
				2B18054C1855958D009A5F6D /* CocoaAsyncSocket */,
				2B18054F1855958D009A5F6D /* CocoaLumberjack */,
				2B1805601855958D009A5F6D /* Core */,
			);
			path = CocoaHTTPServer;
			sourceTree = "<group>";
		};
		2B18054C1855958D009A5F6D /* CocoaAsyncSocket */ = {
			isa = PBXGroup;
			children = (
				2B18054D1855958D009A5F6D /* GCDAsyncSocket.h */,
				2B18054E1855958D009A5F6D /* GCDAsyncSocket.m */,
			);
			path = CocoaAsyncSocket;
			sourceTree = "<group>";
		};
		2B18054F1855958D009A5F6D /* CocoaLumberjack */ = {
			isa = PBXGroup;
			children = (
				2B1805501855958D009A5F6D /* DDAbstractDatabaseLogger.h */,
				2B1805511855958D009A5F6D /* DDAbstractDatabaseLogger.m */,
				2B1805521855958D009A5F6D /* DDASLLogger.h */,
				2B1805531855958D009A5F6D /* DDASLLogger.m */,
				2B1805541855958D009A5F6D /* DDFileLogger.h */,
				2B1805551855958D009A5F6D /* DDFileLogger.m */,
				2B1805561855958D009A5F6D /* DDLog.h */,
				2B1805571855958D009A5F6D /* DDLog.m */,
				2B1805581855958D009A5F6D /* DDTTYLogger.h */,
				2B1805591855958D009A5F6D /* DDTTYLogger.m */,
				2B18055A1855958D009A5F6D /* Extensions */,
			);
			path = CocoaLumberjack;
			sourceTree = "<group>";
		};
		2B18055A1855958D009A5F6D /* Extensions */ = {
			isa = PBXGroup;
			children = (
				2B18055B1855958D009A5F6D /* ContextFilterLogFormatter.h */,
				2B18055C1855958D009A5F6D /* ContextFilterLogFormatter.m */,
				2B18055D1855958D009A5F6D /* DispatchQueueLogFormatter.h */,
				2B18055E1855958D009A5F6D /* DispatchQueueLogFormatter.m */,
				2B18055F1855958D009A5F6D /* README.txt */,
			);
			path = Extensions;
			sourceTree = "<group>";
		};
		2B1805601855958D009A5F6D /* Core */ = {
			isa = PBXGroup;
			children = (
				2B1805611855958D009A5F6D /* Categories */,
				2B1805681855958D009A5F6D /* HTTPAuthenticationRequest.h */,
				2B1805691855958D009A5F6D /* HTTPAuthenticationRequest.m */,
				2B18056A1855958D009A5F6D /* HTTPConnection.h */,
				2B18056B1855958D009A5F6D /* HTTPConnection.m */,
				2B18056C1855958D009A5F6D /* HTTPLogging.h */,
				2B18056D1855958D009A5F6D /* HTTPMessage.h */,
				2B18056E1855958D009A5F6D /* HTTPMessage.m */,
				2B18056F1855958D009A5F6D /* HTTPResponse.h */,
				2B1805701855958D009A5F6D /* HTTPServer.h */,
				2B1805711855958D009A5F6D /* HTTPServer.m */,
				2B1805721855958D009A5F6D /* Mime */,
				2B1805791855958D009A5F6D /* Responses */,
				2B1805861855958D009A5F6D /* WebSocket.h */,
				2B1805871855958D009A5F6D /* WebSocket.m */,
			);
			path = Core;
			sourceTree = "<group>";
		};
		2B1805611855958D009A5F6D /* Categories */ = {
			isa = PBXGroup;
			children = (
				2B1805621855958D009A5F6D /* DDData.h */,
				2B1805631855958D009A5F6D /* DDData.m */,
				2B1805641855958D009A5F6D /* DDNumber.h */,
				2B1805651855958D009A5F6D /* DDNumber.m */,
				2B1805661855958D009A5F6D /* DDRange.h */,
				2B1805671855958D009A5F6D /* DDRange.m */,
			);
			path = Categories;
			sourceTree = "<group>";
		};
		2B1805721855958D009A5F6D /* Mime */ = {
			isa = PBXGroup;
			children = (
				2B1805731855958D009A5F6D /* MultipartFormDataParser.h */,
				2B1805741855958D009A5F6D /* MultipartFormDataParser.m */,
				2B1805751855958D009A5F6D /* MultipartMessageHeader.h */,
				2B1805761855958D009A5F6D /* MultipartMessageHeader.m */,
				2B1805771855958D009A5F6D /* MultipartMessageHeaderField.h */,
				2B1805781855958D009A5F6D /* MultipartMessageHeaderField.m */,
			);
			path = Mime;
			sourceTree = "<group>";
		};
		2B1805791855958D009A5F6D /* Responses */ = {
			isa = PBXGroup;
			children = (
				2B18057A1855958D009A5F6D /* HTTPAsyncFileResponse.h */,
				2B18057B1855958D009A5F6D /* HTTPAsyncFileResponse.m */,
				2B18057C1855958D009A5F6D /* HTTPDataResponse.h */,
				2B18057D1855958D009A5F6D /* HTTPDataResponse.m */,
				2B18057E1855958D009A5F6D /* HTTPDynamicFileResponse.h */,
				2B18057F1855958D009A5F6D /* HTTPDynamicFileResponse.m */,
				2B1805801855958D009A5F6D /* HTTPErrorResponse.h */,
				2B1805811855958D009A5F6D /* HTTPErrorResponse.m */,
				2B1805821855958D009A5F6D /* HTTPFileResponse.h */,
				2B1805831855958D009A5F6D /* HTTPFileResponse.m */,
				2B1805841855958D009A5F6D /* HTTPRedirectResponse.h */,
				2B1805851855958D009A5F6D /* HTTPRedirectResponse.m */,
			);
			path = Responses;
			sourceTree = "<group>";
		};
		2B1805881855958D009A5F6D /* Console */ = {
			isa = PBXGroup;
			children = (
				2B1805891855958D009A5F6D /* Console.h */,
				2B18058A1855958D009A5F6D /* Console.m */,
				2B18058B1855958D009A5F6D /* NSStringConsoleExt.h */,
				2B18058C1855958D009A5F6D /* NSStringConsoleExt.m */,
				2B18058D1855958D009A5F6D /* ResponseHandler.h */,
				2B18058E1855958D009A5F6D /* ResponseHandler.m */,
				2B18058F1855958D009A5F6D /* UIViewConsoleExt.h */,
				2B1805901855958D009A5F6D /* UIViewConsoleExt.m */,
			);
			path = Console;
			sourceTree = "<group>";
		};
		2B1805E318559885009A5F6D /* TestCases */ = {
			isa = PBXGroup;
			children = (
				2B1805E418559885009A5F6D /* ExtTestCases */,
			);
			name = TestCases;
			path = ../TestCases;
			sourceTree = "<group>";
		};
		2B1805E418559885009A5F6D /* ExtTestCases */ = {
			isa = PBXGroup;
			children = (
				2B1805E518559885009A5F6D /* TestArray.m */,
				2B1805E618559885009A5F6D /* TestDate.m */,
				2B1805E718559885009A5F6D /* TestDictionary.m */,
				2B1805E818559885009A5F6D /* TestNumber.m */,
				2B1805E918559885009A5F6D /* TestObject.m */,
				2B1805EA18559885009A5F6D /* TestString.m */,
			);
			path = ExtTestCases;
			sourceTree = "<group>";
		};
		DA8BC1AF181D92B70066B49C = {
			isa = PBXGroup;
			children = (
				DA8BC22A181D92C60066B49C /* README.md */,
				2B1805E318559885009A5F6D /* TestCases */,
				2B18052F1855958D009A5F6D /* arccat */,
				2B18054A1855958D009A5F6D /* console */,
				DA8BC1C1181D92B70066B49C /* TestApp */,
				2B1804FD185594A6009A5F6D /* TestTabBarApp */,
				DA8BC1BA181D92B70066B49C /* Frameworks */,
				DA8BC1B9181D92B70066B49C /* Products */,
			);
			sourceTree = "<group>";
		};
		DA8BC1B9181D92B70066B49C /* Products */ = {
			isa = PBXGroup;
			children = (
				DA8BC1B8181D92B70066B49C /* TestApp.app */,
				2B1804F9185594A6009A5F6D /* TestTabBarApp.app */,
			);
			name = Products;
			sourceTree = "<group>";
		};
		DA8BC1BA181D92B70066B49C /* Frameworks */ = {
			isa = PBXGroup;
			children = (
				DA8BC1BB181D92B70066B49C /* Foundation.framework */,
				DA8BC1BD181D92B70066B49C /* CoreGraphics.framework */,
				DA8BC1BF181D92B70066B49C /* UIKit.framework */,
				DA8BC1DD181D92B70066B49C /* XCTest.framework */,
			);
			name = Frameworks;
			sourceTree = "<group>";
		};
		DA8BC1C1181D92B70066B49C /* TestApp */ = {
			isa = PBXGroup;
			children = (
				DA8BC1CA181D92B70066B49C /* AppDelegate.h */,
				DA8BC1CB181D92B70066B49C /* AppDelegate.m */,
				DA8BC1CD181D92B70066B49C /* Main_iPhone.storyboard */,
				DA8BC1D0181D92B70066B49C /* Main_iPad.storyboard */,
				DA8BC1D3181D92B70066B49C /* ViewController.h */,
				DA8BC1D4181D92B70066B49C /* ViewController.m */,
				DA8BC1D6181D92B70066B49C /* Images.xcassets */,
				DA8BC1C2181D92B70066B49C /* Supporting Files */,
			);
			path = TestApp;
			sourceTree = "<group>";
		};
		DA8BC1C2181D92B70066B49C /* Supporting Files */ = {
			isa = PBXGroup;
			children = (
				DA8BC1C3181D92B70066B49C /* TestApp-Info.plist */,
				DA8BC1C4181D92B70066B49C /* InfoPlist.strings */,
				DA8BC1C7181D92B70066B49C /* main.m */,
				DA8BC1C9181D92B70066B49C /* TestApp-Prefix.pch */,
			);
			name = "Supporting Files";
			sourceTree = "<group>";
		};
/* End PBXGroup section */

/* Begin PBXNativeTarget section */
		2B1804F8185594A6009A5F6D /* TestTabBarApp */ = {
			isa = PBXNativeTarget;
			buildConfigurationList = 2B18052D185594A7009A5F6D /* Build configuration list for PBXNativeTarget "TestTabBarApp" */;
			buildPhases = (
				2B1804F5185594A6009A5F6D /* Sources */,
				2B1804F6185594A6009A5F6D /* Frameworks */,
				2B1804F7185594A6009A5F6D /* Resources */,
			);
			buildRules = (
			);
			dependencies = (
			);
			name = TestTabBarApp;
			productName = TestTabBarApp;
			productReference = 2B1804F9185594A6009A5F6D /* TestTabBarApp.app */;
			productType = "com.apple.product-type.application";
		};
		DA8BC1B7181D92B70066B49C /* TestApp */ = {
			isa = PBXNativeTarget;
			buildConfigurationList = DA8BC1ED181D92B70066B49C /* Build configuration list for PBXNativeTarget "TestApp" */;
			buildPhases = (
				DA8BC1B4181D92B70066B49C /* Sources */,
				DA8BC1B5181D92B70066B49C /* Frameworks */,
				DA8BC1B6181D92B70066B49C /* Resources */,
			);
			buildRules = (
			);
			dependencies = (
			);
			name = TestApp;
			productName = TestApp;
			productReference = DA8BC1B8181D92B70066B49C /* TestApp.app */;
			productType = "com.apple.product-type.application";
		};
/* End PBXNativeTarget section */

/* Begin PBXProject section */
		DA8BC1B0181D92B70066B49C /* Project object */ = {
			isa = PBXProject;
			attributes = {
				LastUpgradeCheck = 0500;
				ORGANIZATIONNAME = factorcat;
			};
			buildConfigurationList = DA8BC1B3181D92B70066B49C /* Build configuration list for PBXProject "TestApp" */;
			compatibilityVersion = "Xcode 3.2";
			developmentRegion = English;
			hasScannedForEncodings = 0;
			knownRegions = (
				en,
				Base,
			);
			mainGroup = DA8BC1AF181D92B70066B49C;
			productRefGroup = DA8BC1B9181D92B70066B49C /* Products */;
			projectDirPath = "";
			projectRoot = "";
			targets = (
				DA8BC1B7181D92B70066B49C /* TestApp */,
				2B1804F8185594A6009A5F6D /* TestTabBarApp */,
			);
		};
/* End PBXProject section */

/* Begin PBXResourcesBuildPhase section */
		2B1804F7185594A6009A5F6D /* Resources */ = {
			isa = PBXResourcesBuildPhase;
			buildActionMask = 2147483647;
			files = (
				2B18050E185594A6009A5F6D /* Main_iPad.storyboard in Resources */,
				2B180516185594A6009A5F6D /* Images.xcassets in Resources */,
				2B18050B185594A6009A5F6D /* Main_iPhone.storyboard in Resources */,
				2B180502185594A6009A5F6D /* InfoPlist.strings in Resources */,
				2B1805B81855958D009A5F6D /* README.txt in Resources */,
			);
			runOnlyForDeploymentPostprocessing = 0;
		};
		DA8BC1B6181D92B70066B49C /* Resources */ = {
			isa = PBXResourcesBuildPhase;
			buildActionMask = 2147483647;
			files = (
				DA8BC1D2181D92B70066B49C /* Main_iPad.storyboard in Resources */,
				DA8BC1D7181D92B70066B49C /* Images.xcassets in Resources */,
				DA8BC1CF181D92B70066B49C /* Main_iPhone.storyboard in Resources */,
				DA8BC1C6181D92B70066B49C /* InfoPlist.strings in Resources */,
				2B1805B71855958D009A5F6D /* README.txt in Resources */,
			);
			runOnlyForDeploymentPostprocessing = 0;
		};
/* End PBXResourcesBuildPhase section */

/* Begin PBXSourcesBuildPhase section */
		2B1804F5185594A6009A5F6D /* Sources */ = {
			isa = PBXSourcesBuildPhase;
			buildActionMask = 2147483647;
			files = (
				2B1805D41855958D009A5F6D /* HTTPErrorResponse.m in Sources */,
				2B1805B01855958D009A5F6D /* DDLog.m in Sources */,
				2B1805A81855958D009A5F6D /* GCDAsyncSocket.m in Sources */,
				2B1805F418559885009A5F6D /* TestObject.m in Sources */,
				2B1805DE1855958D009A5F6D /* NSStringConsoleExt.m in Sources */,
				2B1805A61855958D009A5F6D /* UnitTest.m in Sources */,
				2B1805CA1855958D009A5F6D /* MultipartMessageHeader.m in Sources */,
				2B1805BE1855958D009A5F6D /* DDRange.m in Sources */,
				2B18059A1855958D009A5F6D /* NSNumberExt.m in Sources */,
				2B180514185594A6009A5F6D /* SecondViewController.m in Sources */,
				2B1805AE1855958D009A5F6D /* DDFileLogger.m in Sources */,
				2B1805D21855958D009A5F6D /* HTTPDynamicFileResponse.m in Sources */,
				2B1805C21855958D009A5F6D /* HTTPConnection.m in Sources */,
				2B1805941855958D009A5F6D /* NSClassExt.m in Sources */,
				2B180508185594A6009A5F6D /* AppDelegate.m in Sources */,
				2B1805961855958D009A5F6D /* NSDateExt.m in Sources */,
				2B1805DC1855958D009A5F6D /* Console.m in Sources */,
				2B1805D81855958D009A5F6D /* HTTPRedirectResponse.m in Sources */,
				2B1805A41855958D009A5F6D /* Logger.m in Sources */,
				2B1805981855958D009A5F6D /* NSDictionaryExt.m in Sources */,
				2B1805B61855958D009A5F6D /* DispatchQueueLogFormatter.m in Sources */,
				2B1805A21855958D009A5F6D /* UnitTestUI.m in Sources */,
				2B1805CC1855958D009A5F6D /* MultipartMessageHeaderField.m in Sources */,
				2B1805BC1855958D009A5F6D /* DDNumber.m in Sources */,
				2B1805E01855958D009A5F6D /* ResponseHandler.m in Sources */,
				2B1805DA1855958D009A5F6D /* WebSocket.m in Sources */,
				2B1805F018559885009A5F6D /* TestDictionary.m in Sources */,
				2B1805EE18559885009A5F6D /* TestDate.m in Sources */,
				2B1805F618559885009A5F6D /* TestString.m in Sources */,
				2B1805B21855958D009A5F6D /* DDTTYLogger.m in Sources */,
				2B1805A01855958D009A5F6D /* NSValueExt.m in Sources */,
				2B180511185594A6009A5F6D /* FirstViewController.m in Sources */,
				2B1805CE1855958D009A5F6D /* HTTPAsyncFileResponse.m in Sources */,
				2B180504185594A6009A5F6D /* main.m in Sources */,
				2B1805F218559885009A5F6D /* TestNumber.m in Sources */,
				2B1805921855958D009A5F6D /* NSArrayExt.m in Sources */,
				2B1805B41855958D009A5F6D /* ContextFilterLogFormatter.m in Sources */,
				2B1805C41855958D009A5F6D /* HTTPMessage.m in Sources */,
				2B1805C01855958D009A5F6D /* HTTPAuthenticationRequest.m in Sources */,
				2B1805E21855958D009A5F6D /* UIViewConsoleExt.m in Sources */,
				2B1805C61855958D009A5F6D /* HTTPServer.m in Sources */,
				2B1805AC1855958D009A5F6D /* DDASLLogger.m in Sources */,
				2B18059E1855958D009A5F6D /* NSStringExt.m in Sources */,
				2B1805C81855958D009A5F6D /* MultipartFormDataParser.m in Sources */,
				2B1805EC18559885009A5F6D /* TestArray.m in Sources */,
				2B1805BA1855958D009A5F6D /* DDData.m in Sources */,
				2B1805AA1855958D009A5F6D /* DDAbstractDatabaseLogger.m in Sources */,
				2B1805D01855958D009A5F6D /* HTTPDataResponse.m in Sources */,
				2B1805D61855958D009A5F6D /* HTTPFileResponse.m in Sources */,
				2B18059C1855958D009A5F6D /* NSObjectExt.m in Sources */,
			);
			runOnlyForDeploymentPostprocessing = 0;
		};
		DA8BC1B4181D92B70066B49C /* Sources */ = {
			isa = PBXSourcesBuildPhase;
			buildActionMask = 2147483647;
			files = (
				2B1805AD1855958D009A5F6D /* DDFileLogger.m in Sources */,
				2B1805E11855958D009A5F6D /* UIViewConsoleExt.m in Sources */,
				2B18059D1855958D009A5F6D /* NSStringExt.m in Sources */,
				2B1805C31855958D009A5F6D /* HTTPMessage.m in Sources */,
				2B1805931855958D009A5F6D /* NSClassExt.m in Sources */,
				DA8BC1D5181D92B70066B49C /* ViewController.m in Sources */,
				2B1805DD1855958D009A5F6D /* NSStringConsoleExt.m in Sources */,
				2B1805A51855958D009A5F6D /* UnitTest.m in Sources */,
				2B1805D51855958D009A5F6D /* HTTPFileResponse.m in Sources */,
				2B1805EF18559885009A5F6D /* TestDictionary.m in Sources */,
				2B1805AB1855958D009A5F6D /* DDASLLogger.m in Sources */,
				2B1805BD1855958D009A5F6D /* DDRange.m in Sources */,
				2B1805C91855958D009A5F6D /* MultipartMessageHeader.m in Sources */,
				2B1805BB1855958D009A5F6D /* DDNumber.m in Sources */,
				2B18059B1855958D009A5F6D /* NSObjectExt.m in Sources */,
				2B1805CB1855958D009A5F6D /* MultipartMessageHeaderField.m in Sources */,
				2B1805AF1855958D009A5F6D /* DDLog.m in Sources */,
				2B1805911855958D009A5F6D /* NSArrayExt.m in Sources */,
				2B1805D71855958D009A5F6D /* HTTPRedirectResponse.m in Sources */,
				2B1805DB1855958D009A5F6D /* Console.m in Sources */,
				2B1805971855958D009A5F6D /* NSDictionaryExt.m in Sources */,
				2B1805F118559885009A5F6D /* TestNumber.m in Sources */,
				2B1805F518559885009A5F6D /* TestString.m in Sources */,
				2B1805A31855958D009A5F6D /* Logger.m in Sources */,
				2B1805991855958D009A5F6D /* NSNumberExt.m in Sources */,
				2B1805A71855958D009A5F6D /* GCDAsyncSocket.m in Sources */,
				2B1805DF1855958D009A5F6D /* ResponseHandler.m in Sources */,
				2B1805C51855958D009A5F6D /* HTTPServer.m in Sources */,
				2B1805EB18559885009A5F6D /* TestArray.m in Sources */,
				2B18059F1855958D009A5F6D /* NSValueExt.m in Sources */,
				2B1805ED18559885009A5F6D /* TestDate.m in Sources */,
				2B1805D11855958D009A5F6D /* HTTPDynamicFileResponse.m in Sources */,
				2B1805D91855958D009A5F6D /* WebSocket.m in Sources */,
				2B1805B91855958D009A5F6D /* DDData.m in Sources */,
				2B1805A91855958D009A5F6D /* DDAbstractDatabaseLogger.m in Sources */,
				DA8BC1CC181D92B70066B49C /* AppDelegate.m in Sources */,
				2B1805B11855958D009A5F6D /* DDTTYLogger.m in Sources */,
				DA8BC1C8181D92B70066B49C /* main.m in Sources */,
				2B1805A11855958D009A5F6D /* UnitTestUI.m in Sources */,
				2B1805951855958D009A5F6D /* NSDateExt.m in Sources */,
				2B1805C11855958D009A5F6D /* HTTPConnection.m in Sources */,
				2B1805B51855958D009A5F6D /* DispatchQueueLogFormatter.m in Sources */,
				2B1805C71855958D009A5F6D /* MultipartFormDataParser.m in Sources */,
				2B1805D31855958D009A5F6D /* HTTPErrorResponse.m in Sources */,
				2B1805B31855958D009A5F6D /* ContextFilterLogFormatter.m in Sources */,
				2B1805BF1855958D009A5F6D /* HTTPAuthenticationRequest.m in Sources */,
				2B1805CF1855958D009A5F6D /* HTTPDataResponse.m in Sources */,
				2B1805F318559885009A5F6D /* TestObject.m in Sources */,
				2B1805CD1855958D009A5F6D /* HTTPAsyncFileResponse.m in Sources */,
			);
			runOnlyForDeploymentPostprocessing = 0;
		};
/* End PBXSourcesBuildPhase section */

/* Begin PBXVariantGroup section */
		2B180500185594A6009A5F6D /* InfoPlist.strings */ = {
			isa = PBXVariantGroup;
			children = (
				2B180501185594A6009A5F6D /* en */,
			);
			name = InfoPlist.strings;
			sourceTree = "<group>";
		};
		2B180509185594A6009A5F6D /* Main_iPhone.storyboard */ = {
			isa = PBXVariantGroup;
			children = (
				2B18050A185594A6009A5F6D /* Base */,
			);
			name = Main_iPhone.storyboard;
			sourceTree = "<group>";
		};
		2B18050C185594A6009A5F6D /* Main_iPad.storyboard */ = {
			isa = PBXVariantGroup;
			children = (
				2B18050D185594A6009A5F6D /* Base */,
			);
			name = Main_iPad.storyboard;
			sourceTree = "<group>";
		};
		DA8BC1C4181D92B70066B49C /* InfoPlist.strings */ = {
			isa = PBXVariantGroup;
			children = (
				DA8BC1C5181D92B70066B49C /* en */,
			);
			name = InfoPlist.strings;
			sourceTree = "<group>";
		};
		DA8BC1CD181D92B70066B49C /* Main_iPhone.storyboard */ = {
			isa = PBXVariantGroup;
			children = (
				DA8BC1CE181D92B70066B49C /* Base */,
			);
			name = Main_iPhone.storyboard;
			sourceTree = "<group>";
		};
		DA8BC1D0181D92B70066B49C /* Main_iPad.storyboard */ = {
			isa = PBXVariantGroup;
			children = (
				DA8BC1D1181D92B70066B49C /* Base */,
			);
			name = Main_iPad.storyboard;
			sourceTree = "<group>";
		};
/* End PBXVariantGroup section */

/* Begin XCBuildConfiguration section */
		2B180529185594A7009A5F6D /* Debug */ = {
			isa = XCBuildConfiguration;
			buildSettings = {
				ARCHS = "$(ARCHS_STANDARD_INCLUDING_64_BIT)";
				ASSETCATALOG_COMPILER_APPICON_NAME = AppIcon;
				ASSETCATALOG_COMPILER_LAUNCHIMAGE_NAME = LaunchImage;
				GCC_PRECOMPILE_PREFIX_HEADER = YES;
				GCC_PREFIX_HEADER = "TestTabBarApp/TestTabBarApp-Prefix.pch";
				GCC_PREPROCESSOR_DEFINITIONS = (
					"DEBUG=1",
					"$(inherited)",
				);
				INFOPLIST_FILE = "TestTabBarApp/TestTabBarApp-Info.plist";
				PRODUCT_NAME = "$(TARGET_NAME)";
				WRAPPER_EXTENSION = app;
			};
			name = Debug;
		};
		2B18052A185594A7009A5F6D /* Release */ = {
			isa = XCBuildConfiguration;
			buildSettings = {
				ARCHS = "$(ARCHS_STANDARD_INCLUDING_64_BIT)";
				ASSETCATALOG_COMPILER_APPICON_NAME = AppIcon;
				ASSETCATALOG_COMPILER_LAUNCHIMAGE_NAME = LaunchImage;
				GCC_PRECOMPILE_PREFIX_HEADER = YES;
				GCC_PREFIX_HEADER = "TestTabBarApp/TestTabBarApp-Prefix.pch";
				INFOPLIST_FILE = "TestTabBarApp/TestTabBarApp-Info.plist";
				PRODUCT_NAME = "$(TARGET_NAME)";
				WRAPPER_EXTENSION = app;
			};
			name = Release;
		};
		DA8BC1EB181D92B70066B49C /* Debug */ = {
			isa = XCBuildConfiguration;
			buildSettings = {
				ALWAYS_SEARCH_USER_PATHS = NO;
				ARCHS = "$(ARCHS_STANDARD_INCLUDING_64_BIT)";
				CLANG_CXX_LANGUAGE_STANDARD = "gnu++0x";
				CLANG_CXX_LIBRARY = "libc++";
				CLANG_ENABLE_MODULES = YES;
				CLANG_ENABLE_OBJC_ARC = YES;
				CLANG_WARN_BOOL_CONVERSION = YES;
				CLANG_WARN_CONSTANT_CONVERSION = YES;
				CLANG_WARN_DIRECT_OBJC_ISA_USAGE = YES_ERROR;
				CLANG_WARN_EMPTY_BODY = YES;
				CLANG_WARN_ENUM_CONVERSION = YES;
				CLANG_WARN_INT_CONVERSION = YES;
				CLANG_WARN_OBJC_ROOT_CLASS = YES_ERROR;
				CLANG_WARN__DUPLICATE_METHOD_MATCH = YES;
				"CODE_SIGN_IDENTITY[sdk=iphoneos*]" = "iPhone Developer";
				COPY_PHASE_STRIP = NO;
				GCC_C_LANGUAGE_STANDARD = gnu99;
				GCC_DYNAMIC_NO_PIC = NO;
				GCC_OPTIMIZATION_LEVEL = 0;
				GCC_PREPROCESSOR_DEFINITIONS = (
					"DEBUG=1",
					"$(inherited)",
				);
				GCC_SYMBOLS_PRIVATE_EXTERN = NO;
				GCC_WARN_64_TO_32_BIT_CONVERSION = YES;
				GCC_WARN_ABOUT_RETURN_TYPE = YES_ERROR;
				GCC_WARN_UNDECLARED_SELECTOR = YES;
				GCC_WARN_UNINITIALIZED_AUTOS = YES;
				GCC_WARN_UNUSED_FUNCTION = YES;
				GCC_WARN_UNUSED_VARIABLE = YES;
				IPHONEOS_DEPLOYMENT_TARGET = 7.0;
				ONLY_ACTIVE_ARCH = YES;
				SDKROOT = iphoneos;
				TARGETED_DEVICE_FAMILY = "1,2";
			};
			name = Debug;
		};
		DA8BC1EC181D92B70066B49C /* Release */ = {
			isa = XCBuildConfiguration;
			buildSettings = {
				ALWAYS_SEARCH_USER_PATHS = NO;
				ARCHS = "$(ARCHS_STANDARD_INCLUDING_64_BIT)";
				CLANG_CXX_LANGUAGE_STANDARD = "gnu++0x";
				CLANG_CXX_LIBRARY = "libc++";
				CLANG_ENABLE_MODULES = YES;
				CLANG_ENABLE_OBJC_ARC = YES;
				CLANG_WARN_BOOL_CONVERSION = YES;
				CLANG_WARN_CONSTANT_CONVERSION = YES;
				CLANG_WARN_DIRECT_OBJC_ISA_USAGE = YES_ERROR;
				CLANG_WARN_EMPTY_BODY = YES;
				CLANG_WARN_ENUM_CONVERSION = YES;
				CLANG_WARN_INT_CONVERSION = YES;
				CLANG_WARN_OBJC_ROOT_CLASS = YES_ERROR;
				CLANG_WARN__DUPLICATE_METHOD_MATCH = YES;
				"CODE_SIGN_IDENTITY[sdk=iphoneos*]" = "iPhone Developer";
				COPY_PHASE_STRIP = YES;
				ENABLE_NS_ASSERTIONS = NO;
				GCC_C_LANGUAGE_STANDARD = gnu99;
				GCC_WARN_64_TO_32_BIT_CONVERSION = YES;
				GCC_WARN_ABOUT_RETURN_TYPE = YES_ERROR;
				GCC_WARN_UNDECLARED_SELECTOR = YES;
				GCC_WARN_UNINITIALIZED_AUTOS = YES;
				GCC_WARN_UNUSED_FUNCTION = YES;
				GCC_WARN_UNUSED_VARIABLE = YES;
				IPHONEOS_DEPLOYMENT_TARGET = 7.0;
				SDKROOT = iphoneos;
				TARGETED_DEVICE_FAMILY = "1,2";
				VALIDATE_PRODUCT = YES;
			};
			name = Release;
		};
		DA8BC1EE181D92B70066B49C /* Debug */ = {
			isa = XCBuildConfiguration;
			buildSettings = {
				ASSETCATALOG_COMPILER_APPICON_NAME = AppIcon;
				ASSETCATALOG_COMPILER_LAUNCHIMAGE_NAME = LaunchImage;
				GCC_PRECOMPILE_PREFIX_HEADER = YES;
				GCC_PREFIX_HEADER = "TestApp/TestApp-Prefix.pch";
				INFOPLIST_FILE = "TestApp/TestApp-Info.plist";
				PRODUCT_NAME = "$(TARGET_NAME)";
				WRAPPER_EXTENSION = app;
			};
			name = Debug;
		};
		DA8BC1EF181D92B70066B49C /* Release */ = {
			isa = XCBuildConfiguration;
			buildSettings = {
				ASSETCATALOG_COMPILER_APPICON_NAME = AppIcon;
				ASSETCATALOG_COMPILER_LAUNCHIMAGE_NAME = LaunchImage;
				GCC_PRECOMPILE_PREFIX_HEADER = YES;
				GCC_PREFIX_HEADER = "TestApp/TestApp-Prefix.pch";
				INFOPLIST_FILE = "TestApp/TestApp-Info.plist";
				PRODUCT_NAME = "$(TARGET_NAME)";
				WRAPPER_EXTENSION = app;
			};
			name = Release;
		};
/* End XCBuildConfiguration section */

/* Begin XCConfigurationList section */
		2B18052D185594A7009A5F6D /* Build configuration list for PBXNativeTarget "TestTabBarApp" */ = {
			isa = XCConfigurationList;
			buildConfigurations = (
				2B180529185594A7009A5F6D /* Debug */,
				2B18052A185594A7009A5F6D /* Release */,
			);
			defaultConfigurationIsVisible = 0;
		};
		DA8BC1B3181D92B70066B49C /* Build configuration list for PBXProject "TestApp" */ = {
			isa = XCConfigurationList;
			buildConfigurations = (
				DA8BC1EB181D92B70066B49C /* Debug */,
				DA8BC1EC181D92B70066B49C /* Release */,
			);
			defaultConfigurationIsVisible = 0;
			defaultConfigurationName = Release;
		};
		DA8BC1ED181D92B70066B49C /* Build configuration list for PBXNativeTarget "TestApp" */ = {
			isa = XCConfigurationList;
			buildConfigurations = (
				DA8BC1EE181D92B70066B49C /* Debug */,
				DA8BC1EF181D92B70066B49C /* Release */,
			);
			defaultConfigurationIsVisible = 0;
			defaultConfigurationName = Release;
		};
/* End XCConfigurationList section */
	};
	rootObject = DA8BC1B0181D92B70066B49C /* Project object */;
}
