// !$*UTF8*$!
{
	archiveVersion = 1;
	classes = {
	};
	objectVersion = 46;
	objects = {

/* Begin PBXBuildFile section */
		DA8BC1BC181D92B70066B49C /* Foundation.framework in Frameworks */ = {isa = PBXBuildFile; fileRef = DA8BC1BB181D92B70066B49C /* Foundation.framework */; };
		DA8BC1BE181D92B70066B49C /* CoreGraphics.framework in Frameworks */ = {isa = PBXBuildFile; fileRef = DA8BC1BD181D92B70066B49C /* CoreGraphics.framework */; };
		DA8BC1C0181D92B70066B49C /* UIKit.framework in Frameworks */ = {isa = PBXBuildFile; fileRef = DA8BC1BF181D92B70066B49C /* UIKit.framework */; };
		DA8BC1C6181D92B70066B49C /* InfoPlist.strings in Resources */ = {isa = PBXBuildFile; fileRef = DA8BC1C4181D92B70066B49C /* InfoPlist.strings */; };
		DA8BC1C8181D92B70066B49C /* main.m in Sources */ = {isa = PBXBuildFile; fileRef = DA8BC1C7181D92B70066B49C /* main.m */; };
		DA8BC1CC181D92B70066B49C /* AppDelegate.m in Sources */ = {isa = PBXBuildFile; fileRef = DA8BC1CB181D92B70066B49C /* AppDelegate.m */; };
		DA8BC1CF181D92B70066B49C /* Main_iPhone.storyboard in Resources */ = {isa = PBXBuildFile; fileRef = DA8BC1CD181D92B70066B49C /* Main_iPhone.storyboard */; };
		DA8BC1D2181D92B70066B49C /* Main_iPad.storyboard in Resources */ = {isa = PBXBuildFile; fileRef = DA8BC1D0181D92B70066B49C /* Main_iPad.storyboard */; };
		DA8BC1D5181D92B70066B49C /* ViewController.m in Sources */ = {isa = PBXBuildFile; fileRef = DA8BC1D4181D92B70066B49C /* ViewController.m */; };
		DA8BC1D7181D92B70066B49C /* Images.xcassets in Resources */ = {isa = PBXBuildFile; fileRef = DA8BC1D6181D92B70066B49C /* Images.xcassets */; };
		DA8BC1DE181D92B70066B49C /* XCTest.framework in Frameworks */ = {isa = PBXBuildFile; fileRef = DA8BC1DD181D92B70066B49C /* XCTest.framework */; };
		DA8BC1DF181D92B70066B49C /* Foundation.framework in Frameworks */ = {isa = PBXBuildFile; fileRef = DA8BC1BB181D92B70066B49C /* Foundation.framework */; };
		DA8BC1E0181D92B70066B49C /* UIKit.framework in Frameworks */ = {isa = PBXBuildFile; fileRef = DA8BC1BF181D92B70066B49C /* UIKit.framework */; };
		DA8BC1E8181D92B70066B49C /* InfoPlist.strings in Resources */ = {isa = PBXBuildFile; fileRef = DA8BC1E6181D92B70066B49C /* InfoPlist.strings */; };
		DA8BC1EA181D92B70066B49C /* TestAppTests.m in Sources */ = {isa = PBXBuildFile; fileRef = DA8BC1E9181D92B70066B49C /* TestAppTests.m */; };
		DA8BC218181D92BF0066B49C /* NSArrayExt.m in Sources */ = {isa = PBXBuildFile; fileRef = DA8BC1F7181D92BF0066B49C /* NSArrayExt.m */; };
		DA8BC219181D92BF0066B49C /* NSClassExt.m in Sources */ = {isa = PBXBuildFile; fileRef = DA8BC1F9181D92BF0066B49C /* NSClassExt.m */; };
		DA8BC21A181D92BF0066B49C /* NSDateExt.m in Sources */ = {isa = PBXBuildFile; fileRef = DA8BC1FB181D92BF0066B49C /* NSDateExt.m */; };
		DA8BC21B181D92BF0066B49C /* NSDictionaryExt.m in Sources */ = {isa = PBXBuildFile; fileRef = DA8BC1FD181D92BF0066B49C /* NSDictionaryExt.m */; };
		DA8BC21D181D92BF0066B49C /* NSNumberExt.m in Sources */ = {isa = PBXBuildFile; fileRef = DA8BC201181D92BF0066B49C /* NSNumberExt.m */; };
		DA8BC21E181D92BF0066B49C /* NSObjectExt.m in Sources */ = {isa = PBXBuildFile; fileRef = DA8BC203181D92BF0066B49C /* NSObjectExt.m */; };
		DA8BC21F181D92BF0066B49C /* NSStringExt.m in Sources */ = {isa = PBXBuildFile; fileRef = DA8BC205181D92BF0066B49C /* NSStringExt.m */; };
		DA8BC220181D92BF0066B49C /* NSValueExt.m in Sources */ = {isa = PBXBuildFile; fileRef = DA8BC207181D92BF0066B49C /* NSValueExt.m */; };
		DA8BC221181D92BF0066B49C /* UnitTestUI.m in Sources */ = {isa = PBXBuildFile; fileRef = DA8BC20A181D92BF0066B49C /* UnitTestUI.m */; };
		DA8BC222181D92BF0066B49C /* Logger.m in Sources */ = {isa = PBXBuildFile; fileRef = DA8BC20D181D92BF0066B49C /* Logger.m */; };
		DA8BC223181D92BF0066B49C /* UnitTest.m in Sources */ = {isa = PBXBuildFile; fileRef = DA8BC20F181D92BF0066B49C /* UnitTest.m */; };
		DA8BC224181D92BF0066B49C /* TestArray.m in Sources */ = {isa = PBXBuildFile; fileRef = DA8BC212181D92BF0066B49C /* TestArray.m */; };
		DA8BC225181D92BF0066B49C /* TestDate.m in Sources */ = {isa = PBXBuildFile; fileRef = DA8BC213181D92BF0066B49C /* TestDate.m */; };
		DA8BC226181D92BF0066B49C /* TestDictionary.m in Sources */ = {isa = PBXBuildFile; fileRef = DA8BC214181D92BF0066B49C /* TestDictionary.m */; };
		DA8BC227181D92BF0066B49C /* TestNumber.m in Sources */ = {isa = PBXBuildFile; fileRef = DA8BC215181D92BF0066B49C /* TestNumber.m */; };
		DA8BC228181D92BF0066B49C /* TestObject.m in Sources */ = {isa = PBXBuildFile; fileRef = DA8BC216181D92BF0066B49C /* TestObject.m */; };
		DA8BC229181D92BF0066B49C /* TestString.m in Sources */ = {isa = PBXBuildFile; fileRef = DA8BC217181D92BF0066B49C /* TestString.m */; };
/* End PBXBuildFile section */

/* Begin PBXContainerItemProxy section */
		DA8BC1E1181D92B70066B49C /* PBXContainerItemProxy */ = {
			isa = PBXContainerItemProxy;
			containerPortal = DA8BC1B0181D92B70066B49C /* Project object */;
			proxyType = 1;
			remoteGlobalIDString = DA8BC1B7181D92B70066B49C;
			remoteInfo = TestApp;
		};
/* End PBXContainerItemProxy section */

/* Begin PBXFileReference section */
		DA8BC1B8181D92B70066B49C /* TestApp.app */ = {isa = PBXFileReference; explicitFileType = wrapper.application; includeInIndex = 0; path = TestApp.app; sourceTree = BUILT_PRODUCTS_DIR; };
		DA8BC1BB181D92B70066B49C /* Foundation.framework */ = {isa = PBXFileReference; lastKnownFileType = wrapper.framework; name = Foundation.framework; path = System/Library/Frameworks/Foundation.framework; sourceTree = SDKROOT; };
		DA8BC1BD181D92B70066B49C /* CoreGraphics.framework */ = {isa = PBXFileReference; lastKnownFileType = wrapper.framework; name = CoreGraphics.framework; path = System/Library/Frameworks/CoreGraphics.framework; sourceTree = SDKROOT; };
		DA8BC1BF181D92B70066B49C /* UIKit.framework */ = {isa = PBXFileReference; lastKnownFileType = wrapper.framework; name = UIKit.framework; path = System/Library/Frameworks/UIKit.framework; sourceTree = SDKROOT; };
		DA8BC1C3181D92B70066B49C /* TestApp-Info.plist */ = {isa = PBXFileReference; lastKnownFileType = text.plist.xml; path = "TestApp-Info.plist"; sourceTree = "<group>"; };
		DA8BC1C5181D92B70066B49C /* en */ = {isa = PBXFileReference; lastKnownFileType = text.plist.strings; name = en; path = en.lproj/InfoPlist.strings; sourceTree = "<group>"; };
		DA8BC1C7181D92B70066B49C /* main.m */ = {isa = PBXFileReference; lastKnownFileType = sourcecode.c.objc; path = main.m; sourceTree = "<group>"; };
		DA8BC1C9181D92B70066B49C /* TestApp-Prefix.pch */ = {isa = PBXFileReference; lastKnownFileType = sourcecode.c.h; path = "TestApp-Prefix.pch"; sourceTree = "<group>"; };
		DA8BC1CA181D92B70066B49C /* AppDelegate.h */ = {isa = PBXFileReference; lastKnownFileType = sourcecode.c.h; path = AppDelegate.h; sourceTree = "<group>"; };
		DA8BC1CB181D92B70066B49C /* AppDelegate.m */ = {isa = PBXFileReference; lastKnownFileType = sourcecode.c.objc; path = AppDelegate.m; sourceTree = "<group>"; };
		DA8BC1CE181D92B70066B49C /* Base */ = {isa = PBXFileReference; lastKnownFileType = file.storyboard; name = Base; path = Base.lproj/Main_iPhone.storyboard; sourceTree = "<group>"; };
		DA8BC1D1181D92B70066B49C /* Base */ = {isa = PBXFileReference; lastKnownFileType = file.storyboard; name = Base; path = Base.lproj/Main_iPad.storyboard; sourceTree = "<group>"; };
		DA8BC1D3181D92B70066B49C /* ViewController.h */ = {isa = PBXFileReference; lastKnownFileType = sourcecode.c.h; path = ViewController.h; sourceTree = "<group>"; };
		DA8BC1D4181D92B70066B49C /* ViewController.m */ = {isa = PBXFileReference; lastKnownFileType = sourcecode.c.objc; path = ViewController.m; sourceTree = "<group>"; };
		DA8BC1D6181D92B70066B49C /* Images.xcassets */ = {isa = PBXFileReference; lastKnownFileType = folder.assetcatalog; path = Images.xcassets; sourceTree = "<group>"; };
		DA8BC1DC181D92B70066B49C /* TestAppTests.xctest */ = {isa = PBXFileReference; explicitFileType = wrapper.cfbundle; includeInIndex = 0; path = TestAppTests.xctest; sourceTree = BUILT_PRODUCTS_DIR; };
		DA8BC1DD181D92B70066B49C /* XCTest.framework */ = {isa = PBXFileReference; lastKnownFileType = wrapper.framework; name = XCTest.framework; path = Library/Frameworks/XCTest.framework; sourceTree = DEVELOPER_DIR; };
		DA8BC1E5181D92B70066B49C /* TestAppTests-Info.plist */ = {isa = PBXFileReference; lastKnownFileType = text.plist.xml; path = "TestAppTests-Info.plist"; sourceTree = "<group>"; };
		DA8BC1E7181D92B70066B49C /* en */ = {isa = PBXFileReference; lastKnownFileType = text.plist.strings; name = en; path = en.lproj/InfoPlist.strings; sourceTree = "<group>"; };
		DA8BC1E9181D92B70066B49C /* TestAppTests.m */ = {isa = PBXFileReference; lastKnownFileType = sourcecode.c.objc; path = TestAppTests.m; sourceTree = "<group>"; };
		DA8BC1F4181D92BF0066B49C /* arccat.h */ = {isa = PBXFileReference; fileEncoding = 4; lastKnownFileType = sourcecode.c.h; path = arccat.h; sourceTree = "<group>"; };
		DA8BC1F6181D92BF0066B49C /* NSArrayExt.h */ = {isa = PBXFileReference; fileEncoding = 4; lastKnownFileType = sourcecode.c.h; path = NSArrayExt.h; sourceTree = "<group>"; };
		DA8BC1F7181D92BF0066B49C /* NSArrayExt.m */ = {isa = PBXFileReference; fileEncoding = 4; lastKnownFileType = sourcecode.c.objc; path = NSArrayExt.m; sourceTree = "<group>"; };
		DA8BC1F8181D92BF0066B49C /* NSClassExt.h */ = {isa = PBXFileReference; fileEncoding = 4; lastKnownFileType = sourcecode.c.h; path = NSClassExt.h; sourceTree = "<group>"; };
		DA8BC1F9181D92BF0066B49C /* NSClassExt.m */ = {isa = PBXFileReference; fileEncoding = 4; lastKnownFileType = sourcecode.c.objc; path = NSClassExt.m; sourceTree = "<group>"; };
		DA8BC1FA181D92BF0066B49C /* NSDateExt.h */ = {isa = PBXFileReference; fileEncoding = 4; lastKnownFileType = sourcecode.c.h; path = NSDateExt.h; sourceTree = "<group>"; };
		DA8BC1FB181D92BF0066B49C /* NSDateExt.m */ = {isa = PBXFileReference; fileEncoding = 4; lastKnownFileType = sourcecode.c.objc; path = NSDateExt.m; sourceTree = "<group>"; };
		DA8BC1FC181D92BF0066B49C /* NSDictionaryExt.h */ = {isa = PBXFileReference; fileEncoding = 4; lastKnownFileType = sourcecode.c.h; path = NSDictionaryExt.h; sourceTree = "<group>"; };
		DA8BC1FD181D92BF0066B49C /* NSDictionaryExt.m */ = {isa = PBXFileReference; fileEncoding = 4; lastKnownFileType = sourcecode.c.objc; path = NSDictionaryExt.m; sourceTree = "<group>"; };
		DA8BC200181D92BF0066B49C /* NSNumberExt.h */ = {isa = PBXFileReference; fileEncoding = 4; lastKnownFileType = sourcecode.c.h; path = NSNumberExt.h; sourceTree = "<group>"; };
		DA8BC201181D92BF0066B49C /* NSNumberExt.m */ = {isa = PBXFileReference; fileEncoding = 4; lastKnownFileType = sourcecode.c.objc; path = NSNumberExt.m; sourceTree = "<group>"; };
		DA8BC202181D92BF0066B49C /* NSObjectExt.h */ = {isa = PBXFileReference; fileEncoding = 4; lastKnownFileType = sourcecode.c.h; path = NSObjectExt.h; sourceTree = "<group>"; };
		DA8BC203181D92BF0066B49C /* NSObjectExt.m */ = {isa = PBXFileReference; fileEncoding = 4; lastKnownFileType = sourcecode.c.objc; path = NSObjectExt.m; sourceTree = "<group>"; };
		DA8BC204181D92BF0066B49C /* NSStringExt.h */ = {isa = PBXFileReference; fileEncoding = 4; lastKnownFileType = sourcecode.c.h; path = NSStringExt.h; sourceTree = "<group>"; };
		DA8BC205181D92BF0066B49C /* NSStringExt.m */ = {isa = PBXFileReference; fileEncoding = 4; lastKnownFileType = sourcecode.c.objc; path = NSStringExt.m; sourceTree = "<group>"; };
		DA8BC206181D92BF0066B49C /* NSValueExt.h */ = {isa = PBXFileReference; fileEncoding = 4; lastKnownFileType = sourcecode.c.h; path = NSValueExt.h; sourceTree = "<group>"; };
		DA8BC207181D92BF0066B49C /* NSValueExt.m */ = {isa = PBXFileReference; fileEncoding = 4; lastKnownFileType = sourcecode.c.objc; path = NSValueExt.m; sourceTree = "<group>"; };
		DA8BC209181D92BF0066B49C /* UnitTestUI.h */ = {isa = PBXFileReference; fileEncoding = 4; lastKnownFileType = sourcecode.c.h; path = UnitTestUI.h; sourceTree = "<group>"; };
		DA8BC20A181D92BF0066B49C /* UnitTestUI.m */ = {isa = PBXFileReference; fileEncoding = 4; lastKnownFileType = sourcecode.c.objc; path = UnitTestUI.m; sourceTree = "<group>"; };
		DA8BC20C181D92BF0066B49C /* Logger.h */ = {isa = PBXFileReference; fileEncoding = 4; lastKnownFileType = sourcecode.c.h; path = Logger.h; sourceTree = "<group>"; };
		DA8BC20D181D92BF0066B49C /* Logger.m */ = {isa = PBXFileReference; fileEncoding = 4; lastKnownFileType = sourcecode.c.objc; path = Logger.m; sourceTree = "<group>"; };
		DA8BC20E181D92BF0066B49C /* UnitTest.h */ = {isa = PBXFileReference; fileEncoding = 4; lastKnownFileType = sourcecode.c.h; path = UnitTest.h; sourceTree = "<group>"; };
		DA8BC20F181D92BF0066B49C /* UnitTest.m */ = {isa = PBXFileReference; fileEncoding = 4; lastKnownFileType = sourcecode.c.objc; path = UnitTest.m; sourceTree = "<group>"; };
		DA8BC212181D92BF0066B49C /* TestArray.m */ = {isa = PBXFileReference; fileEncoding = 4; lastKnownFileType = sourcecode.c.objc; path = TestArray.m; sourceTree = "<group>"; };
		DA8BC213181D92BF0066B49C /* TestDate.m */ = {isa = PBXFileReference; fileEncoding = 4; lastKnownFileType = sourcecode.c.objc; path = TestDate.m; sourceTree = "<group>"; };
		DA8BC214181D92BF0066B49C /* TestDictionary.m */ = {isa = PBXFileReference; fileEncoding = 4; lastKnownFileType = sourcecode.c.objc; path = TestDictionary.m; sourceTree = "<group>"; };
		DA8BC215181D92BF0066B49C /* TestNumber.m */ = {isa = PBXFileReference; fileEncoding = 4; lastKnownFileType = sourcecode.c.objc; path = TestNumber.m; sourceTree = "<group>"; };
		DA8BC216181D92BF0066B49C /* TestObject.m */ = {isa = PBXFileReference; fileEncoding = 4; lastKnownFileType = sourcecode.c.objc; path = TestObject.m; sourceTree = "<group>"; };
		DA8BC217181D92BF0066B49C /* TestString.m */ = {isa = PBXFileReference; fileEncoding = 4; lastKnownFileType = sourcecode.c.objc; path = TestString.m; sourceTree = "<group>"; };
		DA8BC22A181D92C60066B49C /* README.md */ = {isa = PBXFileReference; lastKnownFileType = text; name = README.md; path = ../README.md; sourceTree = "<group>"; };
/* End PBXFileReference section */

/* Begin PBXFrameworksBuildPhase section */
		DA8BC1B5181D92B70066B49C /* Frameworks */ = {
			isa = PBXFrameworksBuildPhase;
			buildActionMask = 2147483647;
			files = (
				DA8BC1BE181D92B70066B49C /* CoreGraphics.framework in Frameworks */,
				DA8BC1C0181D92B70066B49C /* UIKit.framework in Frameworks */,
				DA8BC1BC181D92B70066B49C /* Foundation.framework in Frameworks */,
			);
			runOnlyForDeploymentPostprocessing = 0;
		};
		DA8BC1D9181D92B70066B49C /* Frameworks */ = {
			isa = PBXFrameworksBuildPhase;
			buildActionMask = 2147483647;
			files = (
				DA8BC1DE181D92B70066B49C /* XCTest.framework in Frameworks */,
				DA8BC1E0181D92B70066B49C /* UIKit.framework in Frameworks */,
				DA8BC1DF181D92B70066B49C /* Foundation.framework in Frameworks */,
			);
			runOnlyForDeploymentPostprocessing = 0;
		};
/* End PBXFrameworksBuildPhase section */

/* Begin PBXGroup section */
		DA8BC1AF181D92B70066B49C = {
			isa = PBXGroup;
			children = (
				DA8BC22A181D92C60066B49C /* README.md */,
				DA8BC1F3181D92BF0066B49C /* arccat */,
				DA8BC210181D92BF0066B49C /* TestCases */,
				DA8BC1C1181D92B70066B49C /* TestApp */,
				DA8BC1E3181D92B70066B49C /* TestAppTests */,
				DA8BC1BA181D92B70066B49C /* Frameworks */,
				DA8BC1B9181D92B70066B49C /* Products */,
			);
			sourceTree = "<group>";
		};
		DA8BC1B9181D92B70066B49C /* Products */ = {
			isa = PBXGroup;
			children = (
				DA8BC1B8181D92B70066B49C /* TestApp.app */,
				DA8BC1DC181D92B70066B49C /* TestAppTests.xctest */,
			);
			name = Products;
			sourceTree = "<group>";
		};
		DA8BC1BA181D92B70066B49C /* Frameworks */ = {
			isa = PBXGroup;
			children = (
				DA8BC1BB181D92B70066B49C /* Foundation.framework */,
				DA8BC1BD181D92B70066B49C /* CoreGraphics.framework */,
				DA8BC1BF181D92B70066B49C /* UIKit.framework */,
				DA8BC1DD181D92B70066B49C /* XCTest.framework */,
			);
			name = Frameworks;
			sourceTree = "<group>";
		};
		DA8BC1C1181D92B70066B49C /* TestApp */ = {
			isa = PBXGroup;
			children = (
				DA8BC1CA181D92B70066B49C /* AppDelegate.h */,
				DA8BC1CB181D92B70066B49C /* AppDelegate.m */,
				DA8BC1CD181D92B70066B49C /* Main_iPhone.storyboard */,
				DA8BC1D0181D92B70066B49C /* Main_iPad.storyboard */,
				DA8BC1D3181D92B70066B49C /* ViewController.h */,
				DA8BC1D4181D92B70066B49C /* ViewController.m */,
				DA8BC1D6181D92B70066B49C /* Images.xcassets */,
				DA8BC1C2181D92B70066B49C /* Supporting Files */,
			);
			path = TestApp;
			sourceTree = "<group>";
		};
		DA8BC1C2181D92B70066B49C /* Supporting Files */ = {
			isa = PBXGroup;
			children = (
				DA8BC1C3181D92B70066B49C /* TestApp-Info.plist */,
				DA8BC1C4181D92B70066B49C /* InfoPlist.strings */,
				DA8BC1C7181D92B70066B49C /* main.m */,
				DA8BC1C9181D92B70066B49C /* TestApp-Prefix.pch */,
			);
			name = "Supporting Files";
			sourceTree = "<group>";
		};
		DA8BC1E3181D92B70066B49C /* TestAppTests */ = {
			isa = PBXGroup;
			children = (
				DA8BC1E9181D92B70066B49C /* TestAppTests.m */,
				DA8BC1E4181D92B70066B49C /* Supporting Files */,
			);
			path = TestAppTests;
			sourceTree = "<group>";
		};
		DA8BC1E4181D92B70066B49C /* Supporting Files */ = {
			isa = PBXGroup;
			children = (
				DA8BC1E5181D92B70066B49C /* TestAppTests-Info.plist */,
				DA8BC1E6181D92B70066B49C /* InfoPlist.strings */,
			);
			name = "Supporting Files";
			sourceTree = "<group>";
		};
		DA8BC1F3181D92BF0066B49C /* arccat */ = {
			isa = PBXGroup;
			children = (
				DA8BC1F4181D92BF0066B49C /* arccat.h */,
				DA8BC1F5181D92BF0066B49C /* Ext */,
				DA8BC208181D92BF0066B49C /* UI */,
				DA8BC20B181D92BF0066B49C /* UnitTest */,
			);
			name = arccat;
			path = ../arccat;
			sourceTree = "<group>";
		};
		DA8BC1F5181D92BF0066B49C /* Ext */ = {
			isa = PBXGroup;
			children = (
				DA8BC1F6181D92BF0066B49C /* NSArrayExt.h */,
				DA8BC1F7181D92BF0066B49C /* NSArrayExt.m */,
				DA8BC1F8181D92BF0066B49C /* NSClassExt.h */,
				DA8BC1F9181D92BF0066B49C /* NSClassExt.m */,
				DA8BC1FA181D92BF0066B49C /* NSDateExt.h */,
				DA8BC1FB181D92BF0066B49C /* NSDateExt.m */,
				DA8BC1FC181D92BF0066B49C /* NSDictionaryExt.h */,
				DA8BC1FD181D92BF0066B49C /* NSDictionaryExt.m */,
				DA8BC200181D92BF0066B49C /* NSNumberExt.h */,
				DA8BC201181D92BF0066B49C /* NSNumberExt.m */,
				DA8BC202181D92BF0066B49C /* NSObjectExt.h */,
				DA8BC203181D92BF0066B49C /* NSObjectExt.m */,
				DA8BC204181D92BF0066B49C /* NSStringExt.h */,
				DA8BC205181D92BF0066B49C /* NSStringExt.m */,
				DA8BC206181D92BF0066B49C /* NSValueExt.h */,
				DA8BC207181D92BF0066B49C /* NSValueExt.m */,
			);
			path = Ext;
			sourceTree = "<group>";
		};
		DA8BC208181D92BF0066B49C /* UI */ = {
			isa = PBXGroup;
			children = (
				DA8BC209181D92BF0066B49C /* UnitTestUI.h */,
				DA8BC20A181D92BF0066B49C /* UnitTestUI.m */,
			);
			path = UI;
			sourceTree = "<group>";
		};
		DA8BC20B181D92BF0066B49C /* UnitTest */ = {
			isa = PBXGroup;
			children = (
				DA8BC20C181D92BF0066B49C /* Logger.h */,
				DA8BC20D181D92BF0066B49C /* Logger.m */,
				DA8BC20E181D92BF0066B49C /* UnitTest.h */,
				DA8BC20F181D92BF0066B49C /* UnitTest.m */,
			);
			path = UnitTest;
			sourceTree = "<group>";
		};
		DA8BC210181D92BF0066B49C /* TestCases */ = {
			isa = PBXGroup;
			children = (
				DA8BC211181D92BF0066B49C /* ExtTestCases */,
			);
			name = TestCases;
			path = ../TestCases;
			sourceTree = "<group>";
		};
		DA8BC211181D92BF0066B49C /* ExtTestCases */ = {
			isa = PBXGroup;
			children = (
				DA8BC212181D92BF0066B49C /* TestArray.m */,
				DA8BC213181D92BF0066B49C /* TestDate.m */,
				DA8BC214181D92BF0066B49C /* TestDictionary.m */,
				DA8BC215181D92BF0066B49C /* TestNumber.m */,
				DA8BC216181D92BF0066B49C /* TestObject.m */,
				DA8BC217181D92BF0066B49C /* TestString.m */,
			);
			path = ExtTestCases;
			sourceTree = "<group>";
		};
/* End PBXGroup section */

/* Begin PBXNativeTarget section */
		DA8BC1B7181D92B70066B49C /* TestApp */ = {
			isa = PBXNativeTarget;
			buildConfigurationList = DA8BC1ED181D92B70066B49C /* Build configuration list for PBXNativeTarget "TestApp" */;
			buildPhases = (
				DA8BC1B4181D92B70066B49C /* Sources */,
				DA8BC1B5181D92B70066B49C /* Frameworks */,
				DA8BC1B6181D92B70066B49C /* Resources */,
			);
			buildRules = (
			);
			dependencies = (
			);
			name = TestApp;
			productName = TestApp;
			productReference = DA8BC1B8181D92B70066B49C /* TestApp.app */;
			productType = "com.apple.product-type.application";
		};
		DA8BC1DB181D92B70066B49C /* TestAppTests */ = {
			isa = PBXNativeTarget;
			buildConfigurationList = DA8BC1F0181D92B70066B49C /* Build configuration list for PBXNativeTarget "TestAppTests" */;
			buildPhases = (
				DA8BC1D8181D92B70066B49C /* Sources */,
				DA8BC1D9181D92B70066B49C /* Frameworks */,
				DA8BC1DA181D92B70066B49C /* Resources */,
			);
			buildRules = (
			);
			dependencies = (
				DA8BC1E2181D92B70066B49C /* PBXTargetDependency */,
			);
			name = TestAppTests;
			productName = TestAppTests;
			productReference = DA8BC1DC181D92B70066B49C /* TestAppTests.xctest */;
			productType = "com.apple.product-type.bundle.unit-test";
		};
/* End PBXNativeTarget section */

/* Begin PBXProject section */
		DA8BC1B0181D92B70066B49C /* Project object */ = {
			isa = PBXProject;
			attributes = {
				LastUpgradeCheck = 0500;
				ORGANIZATIONNAME = factorcat;
				TargetAttributes = {
					DA8BC1DB181D92B70066B49C = {
						TestTargetID = DA8BC1B7181D92B70066B49C;
					};
				};
			};
			buildConfigurationList = DA8BC1B3181D92B70066B49C /* Build configuration list for PBXProject "TestApp" */;
			compatibilityVersion = "Xcode 3.2";
			developmentRegion = English;
			hasScannedForEncodings = 0;
			knownRegions = (
				en,
				Base,
			);
			mainGroup = DA8BC1AF181D92B70066B49C;
			productRefGroup = DA8BC1B9181D92B70066B49C /* Products */;
			projectDirPath = "";
			projectRoot = "";
			targets = (
				DA8BC1B7181D92B70066B49C /* TestApp */,
				DA8BC1DB181D92B70066B49C /* TestAppTests */,
			);
		};
/* End PBXProject section */

/* Begin PBXResourcesBuildPhase section */
		DA8BC1B6181D92B70066B49C /* Resources */ = {
			isa = PBXResourcesBuildPhase;
			buildActionMask = 2147483647;
			files = (
				DA8BC1D2181D92B70066B49C /* Main_iPad.storyboard in Resources */,
				DA8BC1D7181D92B70066B49C /* Images.xcassets in Resources */,
				DA8BC1CF181D92B70066B49C /* Main_iPhone.storyboard in Resources */,
				DA8BC1C6181D92B70066B49C /* InfoPlist.strings in Resources */,
			);
			runOnlyForDeploymentPostprocessing = 0;
		};
		DA8BC1DA181D92B70066B49C /* Resources */ = {
			isa = PBXResourcesBuildPhase;
			buildActionMask = 2147483647;
			files = (
				DA8BC1E8181D92B70066B49C /* InfoPlist.strings in Resources */,
			);
			runOnlyForDeploymentPostprocessing = 0;
		};
/* End PBXResourcesBuildPhase section */

/* Begin PBXSourcesBuildPhase section */
		DA8BC1B4181D92B70066B49C /* Sources */ = {
			isa = PBXSourcesBuildPhase;
			buildActionMask = 2147483647;
			files = (
				DA8BC223181D92BF0066B49C /* UnitTest.m in Sources */,
				DA8BC21D181D92BF0066B49C /* NSNumberExt.m in Sources */,
				DA8BC228181D92BF0066B49C /* TestObject.m in Sources */,
				DA8BC218181D92BF0066B49C /* NSArrayExt.m in Sources */,
				DA8BC1D5181D92B70066B49C /* ViewController.m in Sources */,
				DA8BC21B181D92BF0066B49C /* NSDictionaryExt.m in Sources */,
				DA8BC224181D92BF0066B49C /* TestArray.m in Sources */,
				DA8BC226181D92BF0066B49C /* TestDictionary.m in Sources */,
				DA8BC222181D92BF0066B49C /* Logger.m in Sources */,
				DA8BC1CC181D92B70066B49C /* AppDelegate.m in Sources */,
				DA8BC221181D92BF0066B49C /* UnitTestUI.m in Sources */,
				DA8BC220181D92BF0066B49C /* NSValueExt.m in Sources */,
				DA8BC1C8181D92B70066B49C /* main.m in Sources */,
				DA8BC21A181D92BF0066B49C /* NSDateExt.m in Sources */,
				DA8BC229181D92BF0066B49C /* TestString.m in Sources */,
				DA8BC219181D92BF0066B49C /* NSClassExt.m in Sources */,
				DA8BC225181D92BF0066B49C /* TestDate.m in Sources */,
				DA8BC21F181D92BF0066B49C /* NSStringExt.m in Sources */,
				DA8BC21E181D92BF0066B49C /* NSObjectExt.m in Sources */,
				DA8BC227181D92BF0066B49C /* TestNumber.m in Sources */,
			);
			runOnlyForDeploymentPostprocessing = 0;
		};
		DA8BC1D8181D92B70066B49C /* Sources */ = {
			isa = PBXSourcesBuildPhase;
			buildActionMask = 2147483647;
			files = (
				DA8BC1EA181D92B70066B49C /* TestAppTests.m in Sources */,
			);
			runOnlyForDeploymentPostprocessing = 0;
		};
/* End PBXSourcesBuildPhase section */

/* Begin PBXTargetDependency section */
		DA8BC1E2181D92B70066B49C /* PBXTargetDependency */ = {
			isa = PBXTargetDependency;
			target = DA8BC1B7181D92B70066B49C /* TestApp */;
			targetProxy = DA8BC1E1181D92B70066B49C /* PBXContainerItemProxy */;
		};
/* End PBXTargetDependency section */

/* Begin PBXVariantGroup section */
		DA8BC1C4181D92B70066B49C /* InfoPlist.strings */ = {
			isa = PBXVariantGroup;
			children = (
				DA8BC1C5181D92B70066B49C /* en */,
			);
			name = InfoPlist.strings;
			sourceTree = "<group>";
		};
		DA8BC1CD181D92B70066B49C /* Main_iPhone.storyboard */ = {
			isa = PBXVariantGroup;
			children = (
				DA8BC1CE181D92B70066B49C /* Base */,
			);
			name = Main_iPhone.storyboard;
			sourceTree = "<group>";
		};
		DA8BC1D0181D92B70066B49C /* Main_iPad.storyboard */ = {
			isa = PBXVariantGroup;
			children = (
				DA8BC1D1181D92B70066B49C /* Base */,
			);
			name = Main_iPad.storyboard;
			sourceTree = "<group>";
		};
		DA8BC1E6181D92B70066B49C /* InfoPlist.strings */ = {
			isa = PBXVariantGroup;
			children = (
				DA8BC1E7181D92B70066B49C /* en */,
			);
			name = InfoPlist.strings;
			sourceTree = "<group>";
		};
/* End PBXVariantGroup section */

/* Begin XCBuildConfiguration section */
		DA8BC1EB181D92B70066B49C /* Debug */ = {
			isa = XCBuildConfiguration;
			buildSettings = {
				ALWAYS_SEARCH_USER_PATHS = NO;
				ARCHS = "$(ARCHS_STANDARD_INCLUDING_64_BIT)";
				CLANG_CXX_LANGUAGE_STANDARD = "gnu++0x";
				CLANG_CXX_LIBRARY = "libc++";
				CLANG_ENABLE_MODULES = YES;
				CLANG_ENABLE_OBJC_ARC = YES;
				CLANG_WARN_BOOL_CONVERSION = YES;
				CLANG_WARN_CONSTANT_CONVERSION = YES;
				CLANG_WARN_DIRECT_OBJC_ISA_USAGE = YES_ERROR;
				CLANG_WARN_EMPTY_BODY = YES;
				CLANG_WARN_ENUM_CONVERSION = YES;
				CLANG_WARN_INT_CONVERSION = YES;
				CLANG_WARN_OBJC_ROOT_CLASS = YES_ERROR;
				CLANG_WARN__DUPLICATE_METHOD_MATCH = YES;
				"CODE_SIGN_IDENTITY[sdk=iphoneos*]" = "iPhone Developer";
				COPY_PHASE_STRIP = NO;
				GCC_C_LANGUAGE_STANDARD = gnu99;
				GCC_DYNAMIC_NO_PIC = NO;
				GCC_OPTIMIZATION_LEVEL = 0;
				GCC_PREPROCESSOR_DEFINITIONS = (
					"DEBUG=1",
					"$(inherited)",
				);
				GCC_SYMBOLS_PRIVATE_EXTERN = NO;
				GCC_WARN_64_TO_32_BIT_CONVERSION = YES;
				GCC_WARN_ABOUT_RETURN_TYPE = YES_ERROR;
				GCC_WARN_UNDECLARED_SELECTOR = YES;
				GCC_WARN_UNINITIALIZED_AUTOS = YES;
				GCC_WARN_UNUSED_FUNCTION = YES;
				GCC_WARN_UNUSED_VARIABLE = YES;
				IPHONEOS_DEPLOYMENT_TARGET = 7.0;
				ONLY_ACTIVE_ARCH = YES;
				SDKROOT = iphoneos;
				TARGETED_DEVICE_FAMILY = "1,2";
			};
			name = Debug;
		};
		DA8BC1EC181D92B70066B49C /* Release */ = {
			isa = XCBuildConfiguration;
			buildSettings = {
				ALWAYS_SEARCH_USER_PATHS = NO;
				ARCHS = "$(ARCHS_STANDARD_INCLUDING_64_BIT)";
				CLANG_CXX_LANGUAGE_STANDARD = "gnu++0x";
				CLANG_CXX_LIBRARY = "libc++";
				CLANG_ENABLE_MODULES = YES;
				CLANG_ENABLE_OBJC_ARC = YES;
				CLANG_WARN_BOOL_CONVERSION = YES;
				CLANG_WARN_CONSTANT_CONVERSION = YES;
				CLANG_WARN_DIRECT_OBJC_ISA_USAGE = YES_ERROR;
				CLANG_WARN_EMPTY_BODY = YES;
				CLANG_WARN_ENUM_CONVERSION = YES;
				CLANG_WARN_INT_CONVERSION = YES;
				CLANG_WARN_OBJC_ROOT_CLASS = YES_ERROR;
				CLANG_WARN__DUPLICATE_METHOD_MATCH = YES;
				"CODE_SIGN_IDENTITY[sdk=iphoneos*]" = "iPhone Developer";
				COPY_PHASE_STRIP = YES;
				ENABLE_NS_ASSERTIONS = NO;
				GCC_C_LANGUAGE_STANDARD = gnu99;
				GCC_WARN_64_TO_32_BIT_CONVERSION = YES;
				GCC_WARN_ABOUT_RETURN_TYPE = YES_ERROR;
				GCC_WARN_UNDECLARED_SELECTOR = YES;
				GCC_WARN_UNINITIALIZED_AUTOS = YES;
				GCC_WARN_UNUSED_FUNCTION = YES;
				GCC_WARN_UNUSED_VARIABLE = YES;
				IPHONEOS_DEPLOYMENT_TARGET = 7.0;
				SDKROOT = iphoneos;
				TARGETED_DEVICE_FAMILY = "1,2";
				VALIDATE_PRODUCT = YES;
			};
			name = Release;
		};
		DA8BC1EE181D92B70066B49C /* Debug */ = {
			isa = XCBuildConfiguration;
			buildSettings = {
				ASSETCATALOG_COMPILER_APPICON_NAME = AppIcon;
				ASSETCATALOG_COMPILER_LAUNCHIMAGE_NAME = LaunchImage;
				GCC_PRECOMPILE_PREFIX_HEADER = YES;
				GCC_PREFIX_HEADER = "TestApp/TestApp-Prefix.pch";
				INFOPLIST_FILE = "TestApp/TestApp-Info.plist";
				PRODUCT_NAME = "$(TARGET_NAME)";
				WRAPPER_EXTENSION = app;
			};
			name = Debug;
		};
		DA8BC1EF181D92B70066B49C /* Release */ = {
			isa = XCBuildConfiguration;
			buildSettings = {
				ASSETCATALOG_COMPILER_APPICON_NAME = AppIcon;
				ASSETCATALOG_COMPILER_LAUNCHIMAGE_NAME = LaunchImage;
				GCC_PRECOMPILE_PREFIX_HEADER = YES;
				GCC_PREFIX_HEADER = "TestApp/TestApp-Prefix.pch";
				INFOPLIST_FILE = "TestApp/TestApp-Info.plist";
				PRODUCT_NAME = "$(TARGET_NAME)";
				WRAPPER_EXTENSION = app;
			};
			name = Release;
		};
		DA8BC1F1181D92B70066B49C /* Debug */ = {
			isa = XCBuildConfiguration;
			buildSettings = {
				ARCHS = "$(ARCHS_STANDARD_INCLUDING_64_BIT)";
				BUNDLE_LOADER = "$(BUILT_PRODUCTS_DIR)/TestApp.app/TestApp";
				FRAMEWORK_SEARCH_PATHS = (
					"$(SDKROOT)/Developer/Library/Frameworks",
					"$(inherited)",
					"$(DEVELOPER_FRAMEWORKS_DIR)",
				);
				GCC_PRECOMPILE_PREFIX_HEADER = YES;
				GCC_PREFIX_HEADER = "TestApp/TestApp-Prefix.pch";
				GCC_PREPROCESSOR_DEFINITIONS = (
					"DEBUG=1",
					"$(inherited)",
				);
				INFOPLIST_FILE = "TestAppTests/TestAppTests-Info.plist";
				PRODUCT_NAME = "$(TARGET_NAME)";
				TEST_HOST = "$(BUNDLE_LOADER)";
				WRAPPER_EXTENSION = xctest;
			};
			name = Debug;
		};
		DA8BC1F2181D92B70066B49C /* Release */ = {
			isa = XCBuildConfiguration;
			buildSettings = {
				ARCHS = "$(ARCHS_STANDARD_INCLUDING_64_BIT)";
				BUNDLE_LOADER = "$(BUILT_PRODUCTS_DIR)/TestApp.app/TestApp";
				FRAMEWORK_SEARCH_PATHS = (
					"$(SDKROOT)/Developer/Library/Frameworks",
					"$(inherited)",
					"$(DEVELOPER_FRAMEWORKS_DIR)",
				);
				GCC_PRECOMPILE_PREFIX_HEADER = YES;
				GCC_PREFIX_HEADER = "TestApp/TestApp-Prefix.pch";
				INFOPLIST_FILE = "TestAppTests/TestAppTests-Info.plist";
				PRODUCT_NAME = "$(TARGET_NAME)";
				TEST_HOST = "$(BUNDLE_LOADER)";
				WRAPPER_EXTENSION = xctest;
			};
			name = Release;
		};
/* End XCBuildConfiguration section */

/* Begin XCConfigurationList section */
		DA8BC1B3181D92B70066B49C /* Build configuration list for PBXProject "TestApp" */ = {
			isa = XCConfigurationList;
			buildConfigurations = (
				DA8BC1EB181D92B70066B49C /* Debug */,
				DA8BC1EC181D92B70066B49C /* Release */,
			);
			defaultConfigurationIsVisible = 0;
			defaultConfigurationName = Release;
		};
		DA8BC1ED181D92B70066B49C /* Build configuration list for PBXNativeTarget "TestApp" */ = {
			isa = XCConfigurationList;
			buildConfigurations = (
				DA8BC1EE181D92B70066B49C /* Debug */,
				DA8BC1EF181D92B70066B49C /* Release */,
			);
			defaultConfigurationIsVisible = 0;
			defaultConfigurationName = Release;
		};
		DA8BC1F0181D92B70066B49C /* Build configuration list for PBXNativeTarget "TestAppTests" */ = {
			isa = XCConfigurationList;
			buildConfigurations = (
				DA8BC1F1181D92B70066B49C /* Debug */,
				DA8BC1F2181D92B70066B49C /* Release */,
			);
			defaultConfigurationIsVisible = 0;
			defaultConfigurationName = Release;
		};
/* End XCConfigurationList section */
	};
	rootObject = DA8BC1B0181D92B70066B49C /* Project object */;
}
